PODS:
  - AFNetworking (3.2.1):
    - AFNetworking/NSURLSession (= 3.2.1)
    - AFNetworking/Reachability (= 3.2.1)
    - AFNetworking/Security (= 3.2.1)
    - AFNetworking/Serialization (= 3.2.1)
    - AFNetworking/UIKit (= 3.2.1)
  - AFNetworking/NSURLSession (3.2.1):
    - AFNetworking/Reachability
    - AFNetworking/Security
    - AFNetworking/Serialization
  - AFNetworking/Reachability (3.2.1)
  - AFNetworking/Security (3.2.1)
  - AFNetworking/Serialization (3.2.1)
  - AFNetworking/UIKit (3.2.1):
    - AFNetworking/NSURLSession
  - IHKeyboardAvoiding (4.6)
  - Kiwi (3.0.0)
  - MagicalRecord (2.3.0-beta.5):
    - MagicalRecord/Core (= 2.3.0-beta.5)
  - MagicalRecord/Core (2.3.0-beta.5)
  - MBProgressHUD (1.1.0)
  - MTCardLayout (1.0.3)
  - MTDates (1.0.3)

DEPENDENCIES:
  - AFNetworking
  - IHKeyboardAvoiding
  - Kiwi
  - MagicalRecord (from `https://github.com/magicalpanda/MagicalRecord.git`, tag `v2.3.0-beta.5`)
  - MBProgressHUD
  - MTCardLayout
  - MTDates

SPEC REPOS:
  https://github.com/cocoapods/specs.git:
    - AFNetworking
    - IHKeyboardAvoiding
    - Kiwi
    - MBProgressHUD
    - MTCardLayout
    - MTDates

EXTERNAL SOURCES:
  MagicalRecord:
    :git: https://github.com/magicalpanda/MagicalRecord.git
    :tag: v2.3.0-beta.5

CHECKOUT OPTIONS:
  MagicalRecord:
    :git: https://github.com/magicalpanda/MagicalRecord.git
    :tag: v2.3.0-beta.5

SPEC CHECKSUMS:
  AFNetworking: b6f891fdfaed196b46c7a83cf209e09697b94057
  IHKeyboardAvoiding: 2a664fdb5f964359fa7ec8fc5c9aebb447583ff8
  Kiwi: fbeafef0f00e4d8f7dcb3420a4930afe70af77f7
  MagicalRecord: 6c9674adfa596ba5828fbecb21c938f041f64a67
  MBProgressHUD: e7baa36a220447d8aeb12769bf0585582f3866d9
  MTCardLayout: 3baf5ac3bd21e6149b561dd7bca708f1ceccf962
  MTDates: c65affdfb7b34001c5c9e3fe0beac4b1b8334a58

PODFILE CHECKSUM: d4a34c3b8a165ff3bdfbb626613185bef010b007

COCOAPODS: 1.6.1
