// !$*UTF8*$!
{
	archiveVersion = 1;
	classes = {
	};
	objectVersion = 46;
	objects = {

/* Begin PBXBuildFile section */
		1F7392B81A9985BE00F4B10F /* main.m in Sources */ = {isa = PBXBuildFile; fileRef = 1F7392B71A9985BE00F4B10F /* main.m */; };
		1F7392BB1A9985BE00F4B10F /* AppDelegate.m in Sources */ = {isa = PBXBuildFile; fileRef = 1F7392BA1A9985BE00F4B10F /* AppDelegate.m */; };
		1F7392BE1A9985BE00F4B10F /* FirstViewController.m in Sources */ = {isa = PBXBuildFile; fileRef = 1F7392BD1A9985BE00F4B10F /* FirstViewController.m */; };
		1F7392C11A9985BE00F4B10F /* SecondViewController.m in Sources */ = {isa = PBXBuildFile; fileRef = 1F7392C01A9985BE00F4B10F /* SecondViewController.m */; };
		1F7392C41A9985BE00F4B10F /* Main.storyboard in Resources */ = {isa = PBXBuildFile; fileRef = 1F7392C21A9985BE00F4B10F /* Main.storyboard */; };
		1F7392C61A9985BE00F4B10F /* Images.xcassets in Resources */ = {isa = PBXBuildFile; fileRef = 1F7392C51A9985BE00F4B10F /* Images.xcassets */; };
		1F7392C91A9985BE00F4B10F /* LaunchScreen.xib in Resources */ = {isa = PBXBuildFile; fileRef = 1F7392C71A9985BE00F4B10F /* LaunchScreen.xib */; };
		1F7392D51A9985BE00F4B10F /* SelfConferenceTests.m in Sources */ = {isa = PBXBuildFile; fileRef = 1F7392D41A9985BE00F4B10F /* SelfConferenceTests.m */; };
/* End PBXBuildFile section */

/* Begin PBXContainerItemProxy section */
		1F7392CF1A9985BE00F4B10F /* PBXContainerItemProxy */ = {
			isa = PBXContainerItemProxy;
			containerPortal = 1F7392AA1A9985BD00F4B10F /* Project object */;
			proxyType = 1;
			remoteGlobalIDString = 1F7392B11A9985BD00F4B10F;
			remoteInfo = SelfConference;
		};
/* End PBXContainerItemProxy section */

/* Begin PBXFileReference section */
		1F7392B21A9985BE00F4B10F /* SelfConference.app */ = {isa = PBXFileReference; explicitFileType = wrapper.application; includeInIndex = 0; path = SelfConference.app; sourceTree = BUILT_PRODUCTS_DIR; };
		1F7392B61A9985BE00F4B10F /* Info.plist */ = {isa = PBXFileReference; lastKnownFileType = text.plist.xml; path = Info.plist; sourceTree = "<group>"; };
		1F7392B71A9985BE00F4B10F /* main.m */ = {isa = PBXFileReference; lastKnownFileType = sourcecode.c.objc; path = main.m; sourceTree = "<group>"; };
		1F7392B91A9985BE00F4B10F /* AppDelegate.h */ = {isa = PBXFileReference; lastKnownFileType = sourcecode.c.h; path = AppDelegate.h; sourceTree = "<group>"; };
		1F7392BA1A9985BE00F4B10F /* AppDelegate.m */ = {isa = PBXFileReference; lastKnownFileType = sourcecode.c.objc; path = AppDelegate.m; sourceTree = "<group>"; };
		1F7392BC1A9985BE00F4B10F /* FirstViewController.h */ = {isa = PBXFileReference; lastKnownFileType = sourcecode.c.h; path = FirstViewController.h; sourceTree = "<group>"; };
		1F7392BD1A9985BE00F4B10F /* FirstViewController.m */ = {isa = PBXFileReference; lastKnownFileType = sourcecode.c.objc; path = FirstViewController.m; sourceTree = "<group>"; };
		1F7392BF1A9985BE00F4B10F /* SecondViewController.h */ = {isa = PBXFileReference; lastKnownFileType = sourcecode.c.h; path = SecondViewController.h; sourceTree = "<group>"; };
		1F7392C01A9985BE00F4B10F /* SecondViewController.m */ = {isa = PBXFileReference; lastKnownFileType = sourcecode.c.objc; path = SecondViewController.m; sourceTree = "<group>"; };
		1F7392C31A9985BE00F4B10F /* Base */ = {isa = PBXFileReference; lastKnownFileType = file.storyboard; name = Base; path = Base.lproj/Main.storyboard; sourceTree = "<group>"; };
		1F7392C51A9985BE00F4B10F /* Images.xcassets */ = {isa = PBXFileReference; lastKnownFileType = folder.assetcatalog; path = Images.xcassets; sourceTree = "<group>"; };
		1F7392C81A9985BE00F4B10F /* Base */ = {isa = PBXFileReference; lastKnownFileType = file.xib; name = Base; path = Base.lproj/LaunchScreen.xib; sourceTree = "<group>"; };
		1F7392CE1A9985BE00F4B10F /* SelfConferenceTests.xctest */ = {isa = PBXFileReference; explicitFileType = wrapper.cfbundle; includeInIndex = 0; path = SelfConferenceTests.xctest; sourceTree = BUILT_PRODUCTS_DIR; };
		1F7392D31A9985BE00F4B10F /* Info.plist */ = {isa = PBXFileReference; lastKnownFileType = text.plist.xml; path = Info.plist; sourceTree = "<group>"; };
		1F7392D41A9985BE00F4B10F /* SelfConferenceTests.m */ = {isa = PBXFileReference; lastKnownFileType = sourcecode.c.objc; path = SelfConferenceTests.m; sourceTree = "<group>"; };
/* End PBXFileReference section */

/* Begin PBXFrameworksBuildPhase section */
		1F7392AF1A9985BD00F4B10F /* Frameworks */ = {
			isa = PBXFrameworksBuildPhase;
			buildActionMask = 2147483647;
			files = (
			);
			runOnlyForDeploymentPostprocessing = 0;
		};
		1F7392CB1A9985BE00F4B10F /* Frameworks */ = {
			isa = PBXFrameworksBuildPhase;
			buildActionMask = 2147483647;
			files = (
			);
			runOnlyForDeploymentPostprocessing = 0;
		};
/* End PBXFrameworksBuildPhase section */

/* Begin PBXGroup section */
		1F7392A91A9985BD00F4B10F = {
			isa = PBXGroup;
			children = (
				1F7392B41A9985BE00F4B10F /* SelfConference */,
				1F7392D11A9985BE00F4B10F /* SelfConferenceTests */,
				1F7392B31A9985BE00F4B10F /* Products */,
			);
			sourceTree = "<group>";
		};
		1F7392B31A9985BE00F4B10F /* Products */ = {
			isa = PBXGroup;
			children = (
				1F7392B21A9985BE00F4B10F /* SelfConference.app */,
				1F7392CE1A9985BE00F4B10F /* SelfConferenceTests.xctest */,
			);
			name = Products;
			sourceTree = "<group>";
		};
		1F7392B41A9985BE00F4B10F /* SelfConference */ = {
			isa = PBXGroup;
			children = (
				1F7392B91A9985BE00F4B10F /* AppDelegate.h */,
				1F7392BA1A9985BE00F4B10F /* AppDelegate.m */,
				1F7392BC1A9985BE00F4B10F /* FirstViewController.h */,
				1F7392BD1A9985BE00F4B10F /* FirstViewController.m */,
				1F7392BF1A9985BE00F4B10F /* SecondViewController.h */,
				1F7392C01A9985BE00F4B10F /* SecondViewController.m */,
				1F7392C21A9985BE00F4B10F /* Main.storyboard */,
				1F7392C51A9985BE00F4B10F /* Images.xcassets */,
				1F7392C71A9985BE00F4B10F /* LaunchScreen.xib */,
				1F7392B51A9985BE00F4B10F /* Supporting Files */,
			);
			path = SelfConference;
			sourceTree = "<group>";
		};
		1F7392B51A9985BE00F4B10F /* Supporting Files */ = {
			isa = PBXGroup;
			children = (
				1F7392B61A9985BE00F4B10F /* Info.plist */,
				1F7392B71A9985BE00F4B10F /* main.m */,
			);
			name = "Supporting Files";
			sourceTree = "<group>";
		};
		1F7392D11A9985BE00F4B10F /* SelfConferenceTests */ = {
			isa = PBXGroup;
			children = (
				1F7392D41A9985BE00F4B10F /* SelfConferenceTests.m */,
				1F7392D21A9985BE00F4B10F /* Supporting Files */,
			);
			path = SelfConferenceTests;
			sourceTree = "<group>";
		};
		1F7392D21A9985BE00F4B10F /* Supporting Files */ = {
			isa = PBXGroup;
			children = (
				1F7392D31A9985BE00F4B10F /* Info.plist */,
			);
			name = "Supporting Files";
			sourceTree = "<group>";
		};
/* End PBXGroup section */

/* Begin PBXNativeTarget section */
		1F7392B11A9985BD00F4B10F /* SelfConference */ = {
			isa = PBXNativeTarget;
			buildConfigurationList = 1F7392D81A9985BE00F4B10F /* Build configuration list for PBXNativeTarget "SelfConference" */;
			buildPhases = (
				1F7392AE1A9985BD00F4B10F /* Sources */,
				1F7392AF1A9985BD00F4B10F /* Frameworks */,
				1F7392B01A9985BD00F4B10F /* Resources */,
			);
			buildRules = (
			);
			dependencies = (
			);
			name = SelfConference;
			productName = SelfConference;
			productReference = 1F7392B21A9985BE00F4B10F /* SelfConference.app */;
			productType = "com.apple.product-type.application";
		};
		1F7392CD1A9985BE00F4B10F /* SelfConferenceTests */ = {
			isa = PBXNativeTarget;
			buildConfigurationList = 1F7392DB1A9985BE00F4B10F /* Build configuration list for PBXNativeTarget "SelfConferenceTests" */;
			buildPhases = (
				1F7392CA1A9985BE00F4B10F /* Sources */,
				1F7392CB1A9985BE00F4B10F /* Frameworks */,
				1F7392CC1A9985BE00F4B10F /* Resources */,
			);
			buildRules = (
			);
			dependencies = (
				1F7392D01A9985BE00F4B10F /* PBXTargetDependency */,
			);
			name = SelfConferenceTests;
			productName = SelfConferenceTests;
			productReference = 1F7392CE1A9985BE00F4B10F /* SelfConferenceTests.xctest */;
			productType = "com.apple.product-type.bundle.unit-test";
		};
/* End PBXNativeTarget section */

/* Begin PBXProject section */
		1F7392AA1A9985BD00F4B10F /* Project object */ = {
			isa = PBXProject;
			attributes = {
				LastUpgradeCheck = 0610;
				ORGANIZATIONNAME = "Self Conference";
				TargetAttributes = {
					1F7392B11A9985BD00F4B10F = {
						CreatedOnToolsVersion = 6.1.1;
					};
					1F7392CD1A9985BE00F4B10F = {
						CreatedOnToolsVersion = 6.1.1;
						TestTargetID = 1F7392B11A9985BD00F4B10F;
					};
				};
			};
			buildConfigurationList = 1F7392AD1A9985BD00F4B10F /* Build configuration list for PBXProject "SelfConference" */;
			compatibilityVersion = "Xcode 3.2";
			developmentRegion = English;
			hasScannedForEncodings = 0;
			knownRegions = (
				en,
				Base,
			);
			mainGroup = 1F7392A91A9985BD00F4B10F;
			productRefGroup = 1F7392B31A9985BE00F4B10F /* Products */;
			projectDirPath = "";
			projectRoot = "";
			targets = (
				1F7392B11A9985BD00F4B10F /* SelfConference */,
				1F7392CD1A9985BE00F4B10F /* SelfConferenceTests */,
			);
		};
/* End PBXProject section */

/* Begin PBXResourcesBuildPhase section */
		1F7392B01A9985BD00F4B10F /* Resources */ = {
			isa = PBXResourcesBuildPhase;
			buildActionMask = 2147483647;
			files = (
				1F7392C41A9985BE00F4B10F /* Main.storyboard in Resources */,
				1F7392C91A9985BE00F4B10F /* LaunchScreen.xib in Resources */,
				1F7392C61A9985BE00F4B10F /* Images.xcassets in Resources */,
			);
			runOnlyForDeploymentPostprocessing = 0;
		};
		1F7392CC1A9985BE00F4B10F /* Resources */ = {
			isa = PBXResourcesBuildPhase;
			buildActionMask = 2147483647;
			files = (
			);
			runOnlyForDeploymentPostprocessing = 0;
		};
/* End PBXResourcesBuildPhase section */

/* Begin PBXSourcesBuildPhase section */
		1F7392AE1A9985BD00F4B10F /* Sources */ = {
			isa = PBXSourcesBuildPhase;
			buildActionMask = 2147483647;
			files = (
				1F7392C11A9985BE00F4B10F /* SecondViewController.m in Sources */,
				1F7392BB1A9985BE00F4B10F /* AppDelegate.m in Sources */,
				1F7392BE1A9985BE00F4B10F /* FirstViewController.m in Sources */,
				1F7392B81A9985BE00F4B10F /* main.m in Sources */,
			);
			runOnlyForDeploymentPostprocessing = 0;
		};
		1F7392CA1A9985BE00F4B10F /* Sources */ = {
			isa = PBXSourcesBuildPhase;
			buildActionMask = 2147483647;
			files = (
				1F7392D51A9985BE00F4B10F /* SelfConferenceTests.m in Sources */,
			);
			runOnlyForDeploymentPostprocessing = 0;
		};
/* End PBXSourcesBuildPhase section */

/* Begin PBXTargetDependency section */
		1F7392D01A9985BE00F4B10F /* PBXTargetDependency */ = {
			isa = PBXTargetDependency;
			target = 1F7392B11A9985BD00F4B10F /* SelfConference */;
			targetProxy = 1F7392CF1A9985BE00F4B10F /* PBXContainerItemProxy */;
		};
/* End PBXTargetDependency section */

/* Begin PBXVariantGroup section */
		1F7392C21A9985BE00F4B10F /* Main.storyboard */ = {
			isa = PBXVariantGroup;
			children = (
				1F7392C31A9985BE00F4B10F /* Base */,
			);
			name = Main.storyboard;
			sourceTree = "<group>";
		};
		1F7392C71A9985BE00F4B10F /* LaunchScreen.xib */ = {
			isa = PBXVariantGroup;
			children = (
				1F7392C81A9985BE00F4B10F /* Base */,
			);
			name = LaunchScreen.xib;
			sourceTree = "<group>";
		};
/* End PBXVariantGroup section */

/* Begin XCBuildConfiguration section */
		1F7392D61A9985BE00F4B10F /* Debug */ = {
			isa = XCBuildConfiguration;
			buildSettings = {
				ALWAYS_SEARCH_USER_PATHS = NO;
				CLANG_CXX_LANGUAGE_STANDARD = "gnu++0x";
				CLANG_CXX_LIBRARY = "libc++";
				CLANG_ENABLE_MODULES = YES;
				CLANG_ENABLE_OBJC_ARC = YES;
				CLANG_WARN_BOOL_CONVERSION = YES;
				CLANG_WARN_CONSTANT_CONVERSION = YES;
				CLANG_WARN_DIRECT_OBJC_ISA_USAGE = YES_ERROR;
				CLANG_WARN_EMPTY_BODY = YES;
				CLANG_WARN_ENUM_CONVERSION = YES;
				CLANG_WARN_INT_CONVERSION = YES;
				CLANG_WARN_OBJC_ROOT_CLASS = YES_ERROR;
				CLANG_WARN_UNREACHABLE_CODE = YES;
				CLANG_WARN__DUPLICATE_METHOD_MATCH = YES;
				"CODE_SIGN_IDENTITY[sdk=iphoneos*]" = "iPhone Developer";
				COPY_PHASE_STRIP = NO;
				ENABLE_STRICT_OBJC_MSGSEND = YES;
				GCC_C_LANGUAGE_STANDARD = gnu99;
				GCC_DYNAMIC_NO_PIC = NO;
				GCC_OPTIMIZATION_LEVEL = 0;
				GCC_PREPROCESSOR_DEFINITIONS = (
					"DEBUG=1",
					"$(inherited)",
				);
				GCC_SYMBOLS_PRIVATE_EXTERN = NO;
				GCC_WARN_64_TO_32_BIT_CONVERSION = YES;
				GCC_WARN_ABOUT_RETURN_TYPE = YES_ERROR;
				GCC_WARN_UNDECLARED_SELECTOR = YES;
				GCC_WARN_UNINITIALIZED_AUTOS = YES_AGGRESSIVE;
				GCC_WARN_UNUSED_FUNCTION = YES;
				GCC_WARN_UNUSED_VARIABLE = YES;
				IPHONEOS_DEPLOYMENT_TARGET = 8.1;
				MTL_ENABLE_DEBUG_INFO = YES;
				ONLY_ACTIVE_ARCH = YES;
				SDKROOT = iphoneos;
				TARGETED_DEVICE_FAMILY = "1,2";
			};
			name = Debug;
		};
		1F7392D71A9985BE00F4B10F /* Release */ = {
			isa = XCBuildConfiguration;
			buildSettings = {
				ALWAYS_SEARCH_USER_PATHS = NO;
				CLANG_CXX_LANGUAGE_STANDARD = "gnu++0x";
				CLANG_CXX_LIBRARY = "libc++";
				CLANG_ENABLE_MODULES = YES;
				CLANG_ENABLE_OBJC_ARC = YES;
				CLANG_WARN_BOOL_CONVERSION = YES;
				CLANG_WARN_CONSTANT_CONVERSION = YES;
				CLANG_WARN_DIRECT_OBJC_ISA_USAGE = YES_ERROR;
				CLANG_WARN_EMPTY_BODY = YES;
				CLANG_WARN_ENUM_CONVERSION = YES;
				CLANG_WARN_INT_CONVERSION = YES;
				CLANG_WARN_OBJC_ROOT_CLASS = YES_ERROR;
				CLANG_WARN_UNREACHABLE_CODE = YES;
				CLANG_WARN__DUPLICATE_METHOD_MATCH = YES;
				"CODE_SIGN_IDENTITY[sdk=iphoneos*]" = "iPhone Developer";
				COPY_PHASE_STRIP = YES;
				ENABLE_NS_ASSERTIONS = NO;
				ENABLE_STRICT_OBJC_MSGSEND = YES;
				GCC_C_LANGUAGE_STANDARD = gnu99;
				GCC_WARN_64_TO_32_BIT_CONVERSION = YES;
				GCC_WARN_ABOUT_RETURN_TYPE = YES_ERROR;
				GCC_WARN_UNDECLARED_SELECTOR = YES;
				GCC_WARN_UNINITIALIZED_AUTOS = YES_AGGRESSIVE;
				GCC_WARN_UNUSED_FUNCTION = YES;
				GCC_WARN_UNUSED_VARIABLE = YES;
				IPHONEOS_DEPLOYMENT_TARGET = 8.1;
				MTL_ENABLE_DEBUG_INFO = NO;
				SDKROOT = iphoneos;
				TARGETED_DEVICE_FAMILY = "1,2";
				VALIDATE_PRODUCT = YES;
			};
			name = Release;
		};
		1F7392D91A9985BE00F4B10F /* Debug */ = {
			isa = XCBuildConfiguration;
			buildSettings = {
				ASSETCATALOG_COMPILER_APPICON_NAME = AppIcon;
				INFOPLIST_FILE = SelfConference/Info.plist;
				LD_RUNPATH_SEARCH_PATHS = "$(inherited) @executable_path/Frameworks";
				PRODUCT_NAME = "$(TARGET_NAME)";
			};
			name = Debug;
		};
		1F7392DA1A9985BE00F4B10F /* Release */ = {
			isa = XCBuildConfiguration;
			buildSettings = {
				ASSETCATALOG_COMPILER_APPICON_NAME = AppIcon;
				INFOPLIST_FILE = SelfConference/Info.plist;
				LD_RUNPATH_SEARCH_PATHS = "$(inherited) @executable_path/Frameworks";
				PRODUCT_NAME = "$(TARGET_NAME)";
			};
			name = Release;
		};
		1F7392DC1A9985BE00F4B10F /* Debug */ = {
			isa = XCBuildConfiguration;
			buildSettings = {
				BUNDLE_LOADER = "$(TEST_HOST)";
				FRAMEWORK_SEARCH_PATHS = (
					"$(SDKROOT)/Developer/Library/Frameworks",
					"$(inherited)",
				);
				GCC_PREPROCESSOR_DEFINITIONS = (
					"DEBUG=1",
					"$(inherited)",
				);
				INFOPLIST_FILE = SelfConferenceTests/Info.plist;
				LD_RUNPATH_SEARCH_PATHS = "$(inherited) @executable_path/Frameworks @loader_path/Frameworks";
				PRODUCT_NAME = "$(TARGET_NAME)";
				TEST_HOST = "$(BUILT_PRODUCTS_DIR)/SelfConference.app/SelfConference";
			};
			name = Debug;
		};
		1F7392DD1A9985BE00F4B10F /* Release */ = {
			isa = XCBuildConfiguration;
			buildSettings = {
				BUNDLE_LOADER = "$(TEST_HOST)";
				FRAMEWORK_SEARCH_PATHS = (
					"$(SDKROOT)/Developer/Library/Frameworks",
					"$(inherited)",
				);
				INFOPLIST_FILE = SelfConferenceTests/Info.plist;
				LD_RUNPATH_SEARCH_PATHS = "$(inherited) @executable_path/Frameworks @loader_path/Frameworks";
				PRODUCT_NAME = "$(TARGET_NAME)";
				TEST_HOST = "$(BUILT_PRODUCTS_DIR)/SelfConference.app/SelfConference";
			};
			name = Release;
		};
/* End XCBuildConfiguration section */

/* Begin XCConfigurationList section */
		1F7392AD1A9985BD00F4B10F /* Build configuration list for PBXProject "SelfConference" */ = {
			isa = XCConfigurationList;
			buildConfigurations = (
				1F7392D61A9985BE00F4B10F /* Debug */,
				1F7392D71A9985BE00F4B10F /* Release */,
			);
			defaultConfigurationIsVisible = 0;
			defaultConfigurationName = Release;
		};
		1F7392D81A9985BE00F4B10F /* Build configuration list for PBXNativeTarget "SelfConference" */ = {
			isa = XCConfigurationList;
			buildConfigurations = (
				1F7392D91A9985BE00F4B10F /* Debug */,
				1F7392DA1A9985BE00F4B10F /* Release */,
			);
			defaultConfigurationIsVisible = 0;
		};
		1F7392DB1A9985BE00F4B10F /* Build configuration list for PBXNativeTarget "SelfConferenceTests" */ = {
			isa = XCConfigurationList;
			buildConfigurations = (
				1F7392DC1A9985BE00F4B10F /* Debug */,
				1F7392DD1A9985BE00F4B10F /* Release */,
			);
			defaultConfigurationIsVisible = 0;
		};
/* End XCConfigurationList section */
	};
	rootObject = 1F7392AA1A9985BD00F4B10F /* Project object */;
}
