// !$*UTF8*$!
{
	archiveVersion = 1;
	classes = {
	};
	objectVersion = 46;
	objects = {

/* Begin PBXBuildFile section */
		1F0734EB1B0C1B7B00A74989 /* SCSpeakerCollectionViewCell.m in Sources */ = {isa = PBXBuildFile; fileRef = 1F0734EA1B0C1B7B00A74989 /* SCSpeakerCollectionViewCell.m */; };
		1F0734EE1B0C203900A74989 /* UIAlertController+SCAlertController.m in Sources */ = {isa = PBXBuildFile; fileRef = 1F0734ED1B0C203900A74989 /* UIAlertController+SCAlertController.m */; };
		1F0734F11B0C215B00A74989 /* UIAlertAction+SCAlertAction.m in Sources */ = {isa = PBXBuildFile; fileRef = 1F0734F01B0C215B00A74989 /* UIAlertAction+SCAlertAction.m */; };
		1F0734F41B0C327B00A74989 /* SCFadeWhenHighlightedCollectionViewCell.m in Sources */ = {isa = PBXBuildFile; fileRef = 1F0734F31B0C327B00A74989 /* SCFadeWhenHighlightedCollectionViewCell.m */; };
		1F0BAA7B1A99886F0059C73A /* main.m in Sources */ = {isa = PBXBuildFile; fileRef = 1F0BAA791A99886F0059C73A /* main.m */; };
		1F0BAA851A9989460059C73A /* Images.xcassets in Resources */ = {isa = PBXBuildFile; fileRef = 1F0BAA841A9989460059C73A /* Images.xcassets */; };
		1F0BAA881A9989890059C73A /* LaunchScreen.xib in Resources */ = {isa = PBXBuildFile; fileRef = 1F0BAA871A9989890059C73A /* LaunchScreen.xib */; };
		1F0BAA8B1A998D520059C73A /* Main.storyboard in Resources */ = {isa = PBXBuildFile; fileRef = 1F0BAA8A1A998D520059C73A /* Main.storyboard */; };
		1F0BAAA51A99A3680059C73A /* SCSharedStoryboardInstances.m in Sources */ = {isa = PBXBuildFile; fileRef = 1F0BAAA41A99A3680059C73A /* SCSharedStoryboardInstances.m */; };
		1F0BAAB01A99B7DE0059C73A /* NSError+SCError.m in Sources */ = {isa = PBXBuildFile; fileRef = 1F0BAAAF1A99B7DE0059C73A /* NSError+SCError.m */; };
		1F0BAAB31A99C65A0059C73A /* NSUserDefaults+SCUserDefaults.m in Sources */ = {isa = PBXBuildFile; fileRef = 1F0BAAB21A99C65A0059C73A /* NSUserDefaults+SCUserDefaults.m */; };
		1F2CCF9C1B0B7CA500C24FFC /* NSString+SCFromDate.m in Sources */ = {isa = PBXBuildFile; fileRef = 1F2CCF9B1B0B7CA500C24FFC /* NSString+SCFromDate.m */; };
		1F2CCFA21B0B818900C24FFC /* NSDateFormatter+SCDateFormatter.m in Sources */ = {isa = PBXBuildFile; fileRef = 1F2CCFA11B0B818900C24FFC /* NSDateFormatter+SCDateFormatter.m */; };
		1F2CCFA81B0B9F3A00C24FFC /* SCSponsorCollectionViewCell.m in Sources */ = {isa = PBXBuildFile; fileRef = 1F2CCFA71B0B9F3A00C24FFC /* SCSponsorCollectionViewCell.m */; };
		1F2CCFAB1B0BA10C00C24FFC /* SCUpdatingEventBaseViewController.m in Sources */ = {isa = PBXBuildFile; fileRef = 1F2CCFAA1B0BA10C00C24FFC /* SCUpdatingEventBaseViewController.m */; };
		1F5AC6F71ABE40A00076E341 /* UIView+SCUtilities.m in Sources */ = {isa = PBXBuildFile; fileRef = 1F5AC6F61ABE40A00076E341 /* UIView+SCUtilities.m */; };
		1F5AC7001ABE62680076E341 /* SCSessionNameTableViewCell.m in Sources */ = {isa = PBXBuildFile; fileRef = 1F5AC6FF1ABE62680076E341 /* SCSessionNameTableViewCell.m */; };
		1F5AC7031ABE62A50076E341 /* SCSessionAbstractTableViewCell.m in Sources */ = {isa = PBXBuildFile; fileRef = 1F5AC7021ABE62A50076E341 /* SCSessionAbstractTableViewCell.m */; };
		1F5AC7091ABE62CE0076E341 /* SCSessionSpeakerDetailsTableViewCell.m in Sources */ = {isa = PBXBuildFile; fileRef = 1F5AC7081ABE62CE0076E341 /* SCSessionSpeakerDetailsTableViewCell.m */; };
		1F64F03A1B0920F400833292 /* SCLabelWithCommonCoderAndFrameInitializer.m in Sources */ = {isa = PBXBuildFile; fileRef = 1F64F0371B0920F400833292 /* SCLabelWithCommonCoderAndFrameInitializer.m */; };
		1F64F03B1B0920F400833292 /* SCPurpleTextColorLabel.m in Sources */ = {isa = PBXBuildFile; fileRef = 1F64F0391B0920F400833292 /* SCPurpleTextColorLabel.m */; };
		1F64F0411B0921DE00833292 /* SCTealTextColorLabel.m in Sources */ = {isa = PBXBuildFile; fileRef = 1F64F0401B0921DE00833292 /* SCTealTextColorLabel.m */; };
		1F64F0441B09220E00833292 /* SCRedTextColorLabel.m in Sources */ = {isa = PBXBuildFile; fileRef = 1F64F0431B09220E00833292 /* SCRedTextColorLabel.m */; };
		1F64F0471B0929EE00833292 /* NSString+SCHTMLTagConverter.m in Sources */ = {isa = PBXBuildFile; fileRef = 1F64F0461B0929EE00833292 /* NSString+SCHTMLTagConverter.m */; };
		1F71944B1B0423CD0098DB48 /* NSDictionary+SCManagedObject.m in Sources */ = {isa = PBXBuildFile; fileRef = 1F71944A1B0423CD0098DB48 /* NSDictionary+SCManagedObject.m */; };
		1F71944E1B0425020098DB48 /* NSSet+SCManagedObject.m in Sources */ = {isa = PBXBuildFile; fileRef = 1F71944D1B0425020098DB48 /* NSSet+SCManagedObject.m */; };
		1F7392BB1A9985BE00F4B10F /* SCAppDelegate.m in Sources */ = {isa = PBXBuildFile; fileRef = 1F7392BA1A9985BE00F4B10F /* SCAppDelegate.m */; };
		1F7392D51A9985BE00F4B10F /* SelfConferenceTests.m in Sources */ = {isa = PBXBuildFile; fileRef = 1F7392D41A9985BE00F4B10F /* SelfConferenceTests.m */; };
		1F7560821B043A8900795E54 /* SCScheduleViewController.m in Sources */ = {isa = PBXBuildFile; fileRef = 1F7560811B043A8900795E54 /* SCScheduleViewController.m */; };
		1F7560851B04448F00795E54 /* SCSessionDetailsCollectionViewCell.m in Sources */ = {isa = PBXBuildFile; fileRef = 1F7560841B04448F00795E54 /* SCSessionDetailsCollectionViewCell.m */; };
		1F86EF301ABE05DD001E30DD /* UIColor+SCColor.m in Sources */ = {isa = PBXBuildFile; fileRef = 1F86EF2F1ABE05DD001E30DD /* UIColor+SCColor.m */; };
		1F9B5A331B0ADC5A009DFD5D /* SCMenuViewController.m in Sources */ = {isa = PBXBuildFile; fileRef = 1F9B5A321B0ADC5A009DFD5D /* SCMenuViewController.m */; };
		1FBD60AA1B017B06008E0FEC /* SelfConferenceDataModel.xcdatamodeld in Sources */ = {isa = PBXBuildFile; fileRef = 1FBD60A81B017B06008E0FEC /* SelfConferenceDataModel.xcdatamodeld */; };
		1FBD60D51B018EDC008E0FEC /* SCEvent.m in Sources */ = {isa = PBXBuildFile; fileRef = 1FBD60C61B018EDC008E0FEC /* SCEvent.m */; };
		1FBD60D61B018EDC008E0FEC /* SCOrganizer.m in Sources */ = {isa = PBXBuildFile; fileRef = 1FBD60C81B018EDC008E0FEC /* SCOrganizer.m */; };
		1FBD60D71B018EDC008E0FEC /* SCRoom.m in Sources */ = {isa = PBXBuildFile; fileRef = 1FBD60CA1B018EDC008E0FEC /* SCRoom.m */; };
		1FBD60D81B018EDC008E0FEC /* SCSession.m in Sources */ = {isa = PBXBuildFile; fileRef = 1FBD60CC1B018EDC008E0FEC /* SCSession.m */; };
		1FBD60D91B018EDC008E0FEC /* SCSpeaker.m in Sources */ = {isa = PBXBuildFile; fileRef = 1FBD60CE1B018EDC008E0FEC /* SCSpeaker.m */; };
		1FBD60DA1B018EDC008E0FEC /* SCSponsor.m in Sources */ = {isa = PBXBuildFile; fileRef = 1FBD60D01B018EDC008E0FEC /* SCSponsor.m */; };
		1FBD60DB1B018EDC008E0FEC /* SCSponsorLevel.m in Sources */ = {isa = PBXBuildFile; fileRef = 1FBD60D21B018EDC008E0FEC /* SCSponsorLevel.m */; };
		1FBD60DC1B018EDC008E0FEC /* SCVenue.m in Sources */ = {isa = PBXBuildFile; fileRef = 1FBD60D41B018EDC008E0FEC /* SCVenue.m */; };
		1FBD60DF1B018F04008E0FEC /* SCManagedObject.m in Sources */ = {isa = PBXBuildFile; fileRef = 1FBD60DE1B018F04008E0FEC /* SCManagedObject.m */; };
		1FBD60E21B018F81008E0FEC /* SCUpdatedAtCreatedAt.m in Sources */ = {isa = PBXBuildFile; fileRef = 1FBD60E11B018F81008E0FEC /* SCUpdatedAtCreatedAt.m */; };
		1FBD60E51B019DDE008E0FEC /* NSManagedObjectContext+SCManagedObjectContext.m in Sources */ = {isa = PBXBuildFile; fileRef = 1FBD60E41B019DDE008E0FEC /* NSManagedObjectContext+SCManagedObjectContext.m */; };
		1FBD60E81B019DFA008E0FEC /* NSPredicate+SCPredicate.m in Sources */ = {isa = PBXBuildFile; fileRef = 1FBD60E71B019DFA008E0FEC /* NSPredicate+SCPredicate.m */; };
		1FBD60EC1B01A061008E0FEC /* SCAPIStrings.m in Sources */ = {isa = PBXBuildFile; fileRef = 1FBD60EB1B01A061008E0FEC /* SCAPIStrings.m */; };
		1FBD60EF1B01A908008E0FEC /* SCAPIService.m in Sources */ = {isa = PBXBuildFile; fileRef = 1FBD60EE1B01A908008E0FEC /* SCAPIService.m */; };
		1FBD60F21B01AAC4008E0FEC /* SCHTTPSessionManager.m in Sources */ = {isa = PBXBuildFile; fileRef = 1FBD60F11B01AAC4008E0FEC /* SCHTTPSessionManager.m */; };
		1FD2566D1B0D3FA40089122A /* SCSessionFeedbackViewController.m in Sources */ = {isa = PBXBuildFile; fileRef = 1FD2566C1B0D3FA40089122A /* SCSessionFeedbackViewController.m */; };
		1FD256731B0D58540089122A /* UIView+MBProgressHUD.m in Sources */ = {isa = PBXBuildFile; fileRef = 1FD256721B0D58540089122A /* UIView+MBProgressHUD.m */; };
		1FE566741B0D7A6B00044DFE /* SCNameLabelHeaderView.m in Sources */ = {isa = PBXBuildFile; fileRef = 1FE566731B0D7A6B00044DFE /* SCNameLabelHeaderView.m */; };
		1FE566771B0D812000044DFE /* SCCodeOfConductViewController.m in Sources */ = {isa = PBXBuildFile; fileRef = 1FE566761B0D812000044DFE /* SCCodeOfConductViewController.m */; };
		52177A65E8B8CFE8659C76EF /* libPods.a in Frameworks */ = {isa = PBXBuildFile; fileRef = 3B1457BA96527132726AC017 /* libPods.a */; };
		FEEAC01EB9E2FC1CB6FE80F7 /* libPods-SelfConferenceTests.a in Frameworks */ = {isa = PBXBuildFile; fileRef = BD8F553853A58875DD1A6969 /* libPods-SelfConferenceTests.a */; };
/* End PBXBuildFile section */

/* Begin PBXContainerItemProxy section */
		1F7392CF1A9985BE00F4B10F /* PBXContainerItemProxy */ = {
			isa = PBXContainerItemProxy;
			containerPortal = 1F7392AA1A9985BD00F4B10F /* Project object */;
			proxyType = 1;
			remoteGlobalIDString = 1F7392B11A9985BD00F4B10F;
			remoteInfo = SelfConference;
		};
/* End PBXContainerItemProxy section */

/* Begin PBXFileReference section */
		1F0734E91B0C1B7B00A74989 /* SCSpeakerCollectionViewCell.h */ = {isa = PBXFileReference; fileEncoding = 4; lastKnownFileType = sourcecode.c.h; path = SCSpeakerCollectionViewCell.h; sourceTree = "<group>"; };
		1F0734EA1B0C1B7B00A74989 /* SCSpeakerCollectionViewCell.m */ = {isa = PBXFileReference; fileEncoding = 4; lastKnownFileType = sourcecode.c.objc; path = SCSpeakerCollectionViewCell.m; sourceTree = "<group>"; };
		1F0734EC1B0C203900A74989 /* UIAlertController+SCAlertController.h */ = {isa = PBXFileReference; fileEncoding = 4; lastKnownFileType = sourcecode.c.h; path = "UIAlertController+SCAlertController.h"; sourceTree = "<group>"; };
		1F0734ED1B0C203900A74989 /* UIAlertController+SCAlertController.m */ = {isa = PBXFileReference; fileEncoding = 4; lastKnownFileType = sourcecode.c.objc; path = "UIAlertController+SCAlertController.m"; sourceTree = "<group>"; };
		1F0734EF1B0C215B00A74989 /* UIAlertAction+SCAlertAction.h */ = {isa = PBXFileReference; fileEncoding = 4; lastKnownFileType = sourcecode.c.h; path = "UIAlertAction+SCAlertAction.h"; sourceTree = "<group>"; };
		1F0734F01B0C215B00A74989 /* UIAlertAction+SCAlertAction.m */ = {isa = PBXFileReference; fileEncoding = 4; lastKnownFileType = sourcecode.c.objc; path = "UIAlertAction+SCAlertAction.m"; sourceTree = "<group>"; };
		1F0734F21B0C327B00A74989 /* SCFadeWhenHighlightedCollectionViewCell.h */ = {isa = PBXFileReference; fileEncoding = 4; lastKnownFileType = sourcecode.c.h; path = SCFadeWhenHighlightedCollectionViewCell.h; sourceTree = "<group>"; };
		1F0734F31B0C327B00A74989 /* SCFadeWhenHighlightedCollectionViewCell.m */ = {isa = PBXFileReference; fileEncoding = 4; lastKnownFileType = sourcecode.c.objc; path = SCFadeWhenHighlightedCollectionViewCell.m; sourceTree = "<group>"; };
		1F0BAA781A99886F0059C73A /* Info.plist */ = {isa = PBXFileReference; fileEncoding = 4; lastKnownFileType = text.plist.xml; path = Info.plist; sourceTree = "<group>"; };
		1F0BAA791A99886F0059C73A /* main.m */ = {isa = PBXFileReference; fileEncoding = 4; lastKnownFileType = sourcecode.c.objc; path = main.m; sourceTree = "<group>"; };
		1F0BAA841A9989460059C73A /* Images.xcassets */ = {isa = PBXFileReference; lastKnownFileType = folder.assetcatalog; path = Images.xcassets; sourceTree = "<group>"; };
		1F0BAA871A9989890059C73A /* LaunchScreen.xib */ = {isa = PBXFileReference; fileEncoding = 4; lastKnownFileType = file.xib; path = LaunchScreen.xib; sourceTree = "<group>"; };
		1F0BAA8A1A998D520059C73A /* Main.storyboard */ = {isa = PBXFileReference; fileEncoding = 4; lastKnownFileType = file.storyboard; path = Main.storyboard; sourceTree = "<group>"; };
		1F0BAAA31A99A3680059C73A /* SCSharedStoryboardInstances.h */ = {isa = PBXFileReference; fileEncoding = 4; lastKnownFileType = sourcecode.c.h; path = SCSharedStoryboardInstances.h; sourceTree = "<group>"; };
		1F0BAAA41A99A3680059C73A /* SCSharedStoryboardInstances.m */ = {isa = PBXFileReference; fileEncoding = 4; lastKnownFileType = sourcecode.c.objc; path = SCSharedStoryboardInstances.m; sourceTree = "<group>"; };
		1F0BAAAE1A99B7DE0059C73A /* NSError+SCError.h */ = {isa = PBXFileReference; fileEncoding = 4; lastKnownFileType = sourcecode.c.h; path = "NSError+SCError.h"; sourceTree = "<group>"; };
		1F0BAAAF1A99B7DE0059C73A /* NSError+SCError.m */ = {isa = PBXFileReference; fileEncoding = 4; lastKnownFileType = sourcecode.c.objc; path = "NSError+SCError.m"; sourceTree = "<group>"; };
		1F0BAAB11A99C65A0059C73A /* NSUserDefaults+SCUserDefaults.h */ = {isa = PBXFileReference; fileEncoding = 4; lastKnownFileType = sourcecode.c.h; path = "NSUserDefaults+SCUserDefaults.h"; sourceTree = "<group>"; };
		1F0BAAB21A99C65A0059C73A /* NSUserDefaults+SCUserDefaults.m */ = {isa = PBXFileReference; fileEncoding = 4; lastKnownFileType = sourcecode.c.objc; path = "NSUserDefaults+SCUserDefaults.m"; sourceTree = "<group>"; };
		1F2CCF9A1B0B7CA500C24FFC /* NSString+SCFromDate.h */ = {isa = PBXFileReference; fileEncoding = 4; lastKnownFileType = sourcecode.c.h; path = "NSString+SCFromDate.h"; sourceTree = "<group>"; };
		1F2CCF9B1B0B7CA500C24FFC /* NSString+SCFromDate.m */ = {isa = PBXFileReference; fileEncoding = 4; lastKnownFileType = sourcecode.c.objc; path = "NSString+SCFromDate.m"; sourceTree = "<group>"; };
		1F2CCFA01B0B818900C24FFC /* NSDateFormatter+SCDateFormatter.h */ = {isa = PBXFileReference; fileEncoding = 4; lastKnownFileType = sourcecode.c.h; path = "NSDateFormatter+SCDateFormatter.h"; sourceTree = "<group>"; };
		1F2CCFA11B0B818900C24FFC /* NSDateFormatter+SCDateFormatter.m */ = {isa = PBXFileReference; fileEncoding = 4; lastKnownFileType = sourcecode.c.objc; path = "NSDateFormatter+SCDateFormatter.m"; sourceTree = "<group>"; };
		1F2CCFA61B0B9F3A00C24FFC /* SCSponsorCollectionViewCell.h */ = {isa = PBXFileReference; fileEncoding = 4; lastKnownFileType = sourcecode.c.h; path = SCSponsorCollectionViewCell.h; sourceTree = "<group>"; };
		1F2CCFA71B0B9F3A00C24FFC /* SCSponsorCollectionViewCell.m */ = {isa = PBXFileReference; fileEncoding = 4; lastKnownFileType = sourcecode.c.objc; path = SCSponsorCollectionViewCell.m; sourceTree = "<group>"; };
		1F2CCFA91B0BA10C00C24FFC /* SCUpdatingEventBaseViewController.h */ = {isa = PBXFileReference; fileEncoding = 4; lastKnownFileType = sourcecode.c.h; path = SCUpdatingEventBaseViewController.h; sourceTree = "<group>"; };
		1F2CCFAA1B0BA10C00C24FFC /* SCUpdatingEventBaseViewController.m */ = {isa = PBXFileReference; fileEncoding = 4; lastKnownFileType = sourcecode.c.objc; path = SCUpdatingEventBaseViewController.m; sourceTree = "<group>"; };
		1F4FD4C41B0D2D2B008B4C8A /* SelfConferenceDataModel 2.xcdatamodel */ = {isa = PBXFileReference; lastKnownFileType = wrapper.xcdatamodel; path = "SelfConferenceDataModel 2.xcdatamodel"; sourceTree = "<group>"; };
		1F5AC6F51ABE40A00076E341 /* UIView+SCUtilities.h */ = {isa = PBXFileReference; fileEncoding = 4; lastKnownFileType = sourcecode.c.h; path = "UIView+SCUtilities.h"; sourceTree = "<group>"; };
		1F5AC6F61ABE40A00076E341 /* UIView+SCUtilities.m */ = {isa = PBXFileReference; fileEncoding = 4; lastKnownFileType = sourcecode.c.objc; path = "UIView+SCUtilities.m"; sourceTree = "<group>"; };
		1F5AC6FE1ABE62680076E341 /* SCSessionNameTableViewCell.h */ = {isa = PBXFileReference; fileEncoding = 4; lastKnownFileType = sourcecode.c.h; path = SCSessionNameTableViewCell.h; sourceTree = "<group>"; };
		1F5AC6FF1ABE62680076E341 /* SCSessionNameTableViewCell.m */ = {isa = PBXFileReference; fileEncoding = 4; lastKnownFileType = sourcecode.c.objc; path = SCSessionNameTableViewCell.m; sourceTree = "<group>"; };
		1F5AC7011ABE62A50076E341 /* SCSessionAbstractTableViewCell.h */ = {isa = PBXFileReference; fileEncoding = 4; lastKnownFileType = sourcecode.c.h; path = SCSessionAbstractTableViewCell.h; sourceTree = "<group>"; };
		1F5AC7021ABE62A50076E341 /* SCSessionAbstractTableViewCell.m */ = {isa = PBXFileReference; fileEncoding = 4; lastKnownFileType = sourcecode.c.objc; path = SCSessionAbstractTableViewCell.m; sourceTree = "<group>"; };
		1F5AC7071ABE62CE0076E341 /* SCSessionSpeakerDetailsTableViewCell.h */ = {isa = PBXFileReference; fileEncoding = 4; lastKnownFileType = sourcecode.c.h; path = SCSessionSpeakerDetailsTableViewCell.h; sourceTree = "<group>"; };
		1F5AC7081ABE62CE0076E341 /* SCSessionSpeakerDetailsTableViewCell.m */ = {isa = PBXFileReference; fileEncoding = 4; lastKnownFileType = sourcecode.c.objc; path = SCSessionSpeakerDetailsTableViewCell.m; sourceTree = "<group>"; };
		1F64F0361B0920F400833292 /* SCLabelWithCommonCoderAndFrameInitializer.h */ = {isa = PBXFileReference; fileEncoding = 4; lastKnownFileType = sourcecode.c.h; path = SCLabelWithCommonCoderAndFrameInitializer.h; sourceTree = "<group>"; };
		1F64F0371B0920F400833292 /* SCLabelWithCommonCoderAndFrameInitializer.m */ = {isa = PBXFileReference; fileEncoding = 4; lastKnownFileType = sourcecode.c.objc; path = SCLabelWithCommonCoderAndFrameInitializer.m; sourceTree = "<group>"; };
		1F64F0381B0920F400833292 /* SCPurpleTextColorLabel.h */ = {isa = PBXFileReference; fileEncoding = 4; lastKnownFileType = sourcecode.c.h; path = SCPurpleTextColorLabel.h; sourceTree = "<group>"; };
		1F64F0391B0920F400833292 /* SCPurpleTextColorLabel.m */ = {isa = PBXFileReference; fileEncoding = 4; lastKnownFileType = sourcecode.c.objc; path = SCPurpleTextColorLabel.m; sourceTree = "<group>"; };
		1F64F03F1B0921DE00833292 /* SCTealTextColorLabel.h */ = {isa = PBXFileReference; fileEncoding = 4; lastKnownFileType = sourcecode.c.h; path = SCTealTextColorLabel.h; sourceTree = "<group>"; };
		1F64F0401B0921DE00833292 /* SCTealTextColorLabel.m */ = {isa = PBXFileReference; fileEncoding = 4; lastKnownFileType = sourcecode.c.objc; path = SCTealTextColorLabel.m; sourceTree = "<group>"; };
		1F64F0421B09220E00833292 /* SCRedTextColorLabel.h */ = {isa = PBXFileReference; fileEncoding = 4; lastKnownFileType = sourcecode.c.h; path = SCRedTextColorLabel.h; sourceTree = "<group>"; };
		1F64F0431B09220E00833292 /* SCRedTextColorLabel.m */ = {isa = PBXFileReference; fileEncoding = 4; lastKnownFileType = sourcecode.c.objc; path = SCRedTextColorLabel.m; sourceTree = "<group>"; };
		1F64F0451B0929EE00833292 /* NSString+SCHTMLTagConverter.h */ = {isa = PBXFileReference; fileEncoding = 4; lastKnownFileType = sourcecode.c.h; path = "NSString+SCHTMLTagConverter.h"; sourceTree = "<group>"; };
		1F64F0461B0929EE00833292 /* NSString+SCHTMLTagConverter.m */ = {isa = PBXFileReference; fileEncoding = 4; lastKnownFileType = sourcecode.c.objc; path = "NSString+SCHTMLTagConverter.m"; sourceTree = "<group>"; };
		1F7194491B0423CD0098DB48 /* NSDictionary+SCManagedObject.h */ = {isa = PBXFileReference; fileEncoding = 4; lastKnownFileType = sourcecode.c.h; path = "NSDictionary+SCManagedObject.h"; sourceTree = "<group>"; };
		1F71944A1B0423CD0098DB48 /* NSDictionary+SCManagedObject.m */ = {isa = PBXFileReference; fileEncoding = 4; lastKnownFileType = sourcecode.c.objc; path = "NSDictionary+SCManagedObject.m"; sourceTree = "<group>"; };
		1F71944C1B0425020098DB48 /* NSSet+SCManagedObject.h */ = {isa = PBXFileReference; fileEncoding = 4; lastKnownFileType = sourcecode.c.h; path = "NSSet+SCManagedObject.h"; sourceTree = "<group>"; };
		1F71944D1B0425020098DB48 /* NSSet+SCManagedObject.m */ = {isa = PBXFileReference; fileEncoding = 4; lastKnownFileType = sourcecode.c.objc; path = "NSSet+SCManagedObject.m"; sourceTree = "<group>"; };
		1F7392B21A9985BE00F4B10F /* SelfConference.app */ = {isa = PBXFileReference; explicitFileType = wrapper.application; includeInIndex = 0; path = SelfConference.app; sourceTree = BUILT_PRODUCTS_DIR; };
		1F7392B91A9985BE00F4B10F /* SCAppDelegate.h */ = {isa = PBXFileReference; lastKnownFileType = sourcecode.c.h; path = SCAppDelegate.h; sourceTree = "<group>"; };
		1F7392BA1A9985BE00F4B10F /* SCAppDelegate.m */ = {isa = PBXFileReference; lastKnownFileType = sourcecode.c.objc; path = SCAppDelegate.m; sourceTree = "<group>"; };
		1F7392CE1A9985BE00F4B10F /* SelfConferenceTests.xctest */ = {isa = PBXFileReference; explicitFileType = wrapper.cfbundle; includeInIndex = 0; path = SelfConferenceTests.xctest; sourceTree = BUILT_PRODUCTS_DIR; };
		1F7392D31A9985BE00F4B10F /* Info.plist */ = {isa = PBXFileReference; lastKnownFileType = text.plist.xml; path = Info.plist; sourceTree = "<group>"; };
		1F7392D41A9985BE00F4B10F /* SelfConferenceTests.m */ = {isa = PBXFileReference; lastKnownFileType = sourcecode.c.objc; path = SelfConferenceTests.m; sourceTree = "<group>"; };
		1F7560801B043A8900795E54 /* SCScheduleViewController.h */ = {isa = PBXFileReference; fileEncoding = 4; lastKnownFileType = sourcecode.c.h; path = SCScheduleViewController.h; sourceTree = "<group>"; };
		1F7560811B043A8900795E54 /* SCScheduleViewController.m */ = {isa = PBXFileReference; fileEncoding = 4; lastKnownFileType = sourcecode.c.objc; path = SCScheduleViewController.m; sourceTree = "<group>"; };
		1F7560831B04448F00795E54 /* SCSessionDetailsCollectionViewCell.h */ = {isa = PBXFileReference; fileEncoding = 4; lastKnownFileType = sourcecode.c.h; name = SCSessionDetailsCollectionViewCell.h; path = ../Controllers/SCSessionDetailsCollectionViewCell.h; sourceTree = "<group>"; };
		1F7560841B04448F00795E54 /* SCSessionDetailsCollectionViewCell.m */ = {isa = PBXFileReference; fileEncoding = 4; lastKnownFileType = sourcecode.c.objc; name = SCSessionDetailsCollectionViewCell.m; path = ../Controllers/SCSessionDetailsCollectionViewCell.m; sourceTree = "<group>"; };
		1F86EF2E1ABE05DD001E30DD /* UIColor+SCColor.h */ = {isa = PBXFileReference; fileEncoding = 4; lastKnownFileType = sourcecode.c.h; path = "UIColor+SCColor.h"; sourceTree = "<group>"; };
		1F86EF2F1ABE05DD001E30DD /* UIColor+SCColor.m */ = {isa = PBXFileReference; fileEncoding = 4; lastKnownFileType = sourcecode.c.objc; path = "UIColor+SCColor.m"; sourceTree = "<group>"; };
		1F9B5A311B0ADC5A009DFD5D /* SCMenuViewController.h */ = {isa = PBXFileReference; fileEncoding = 4; lastKnownFileType = sourcecode.c.h; path = SCMenuViewController.h; sourceTree = "<group>"; };
		1F9B5A321B0ADC5A009DFD5D /* SCMenuViewController.m */ = {isa = PBXFileReference; fileEncoding = 4; lastKnownFileType = sourcecode.c.objc; path = SCMenuViewController.m; sourceTree = "<group>"; };
		1FBD60A91B017B06008E0FEC /* SelfConferenceDataModel.xcdatamodel */ = {isa = PBXFileReference; lastKnownFileType = wrapper.xcdatamodel; path = SelfConferenceDataModel.xcdatamodel; sourceTree = "<group>"; };
		1FBD60C51B018EDC008E0FEC /* SCEvent.h */ = {isa = PBXFileReference; fileEncoding = 4; lastKnownFileType = sourcecode.c.h; path = SCEvent.h; sourceTree = "<group>"; };
		1FBD60C61B018EDC008E0FEC /* SCEvent.m */ = {isa = PBXFileReference; fileEncoding = 4; lastKnownFileType = sourcecode.c.objc; path = SCEvent.m; sourceTree = "<group>"; };
		1FBD60C71B018EDC008E0FEC /* SCOrganizer.h */ = {isa = PBXFileReference; fileEncoding = 4; lastKnownFileType = sourcecode.c.h; path = SCOrganizer.h; sourceTree = "<group>"; };
		1FBD60C81B018EDC008E0FEC /* SCOrganizer.m */ = {isa = PBXFileReference; fileEncoding = 4; lastKnownFileType = sourcecode.c.objc; path = SCOrganizer.m; sourceTree = "<group>"; };
		1FBD60C91B018EDC008E0FEC /* SCRoom.h */ = {isa = PBXFileReference; fileEncoding = 4; lastKnownFileType = sourcecode.c.h; path = SCRoom.h; sourceTree = "<group>"; };
		1FBD60CA1B018EDC008E0FEC /* SCRoom.m */ = {isa = PBXFileReference; fileEncoding = 4; lastKnownFileType = sourcecode.c.objc; path = SCRoom.m; sourceTree = "<group>"; };
		1FBD60CB1B018EDC008E0FEC /* SCSession.h */ = {isa = PBXFileReference; fileEncoding = 4; lastKnownFileType = sourcecode.c.h; path = SCSession.h; sourceTree = "<group>"; };
		1FBD60CC1B018EDC008E0FEC /* SCSession.m */ = {isa = PBXFileReference; fileEncoding = 4; lastKnownFileType = sourcecode.c.objc; path = SCSession.m; sourceTree = "<group>"; };
		1FBD60CD1B018EDC008E0FEC /* SCSpeaker.h */ = {isa = PBXFileReference; fileEncoding = 4; lastKnownFileType = sourcecode.c.h; path = SCSpeaker.h; sourceTree = "<group>"; };
		1FBD60CE1B018EDC008E0FEC /* SCSpeaker.m */ = {isa = PBXFileReference; fileEncoding = 4; lastKnownFileType = sourcecode.c.objc; path = SCSpeaker.m; sourceTree = "<group>"; };
		1FBD60CF1B018EDC008E0FEC /* SCSponsor.h */ = {isa = PBXFileReference; fileEncoding = 4; lastKnownFileType = sourcecode.c.h; path = SCSponsor.h; sourceTree = "<group>"; };
		1FBD60D01B018EDC008E0FEC /* SCSponsor.m */ = {isa = PBXFileReference; fileEncoding = 4; lastKnownFileType = sourcecode.c.objc; path = SCSponsor.m; sourceTree = "<group>"; };
		1FBD60D11B018EDC008E0FEC /* SCSponsorLevel.h */ = {isa = PBXFileReference; fileEncoding = 4; lastKnownFileType = sourcecode.c.h; path = SCSponsorLevel.h; sourceTree = "<group>"; };
		1FBD60D21B018EDC008E0FEC /* SCSponsorLevel.m */ = {isa = PBXFileReference; fileEncoding = 4; lastKnownFileType = sourcecode.c.objc; path = SCSponsorLevel.m; sourceTree = "<group>"; };
		1FBD60D31B018EDC008E0FEC /* SCVenue.h */ = {isa = PBXFileReference; fileEncoding = 4; lastKnownFileType = sourcecode.c.h; path = SCVenue.h; sourceTree = "<group>"; };
		1FBD60D41B018EDC008E0FEC /* SCVenue.m */ = {isa = PBXFileReference; fileEncoding = 4; lastKnownFileType = sourcecode.c.objc; path = SCVenue.m; sourceTree = "<group>"; };
		1FBD60DD1B018F04008E0FEC /* SCManagedObject.h */ = {isa = PBXFileReference; fileEncoding = 4; lastKnownFileType = sourcecode.c.h; name = SCManagedObject.h; path = SCManagedObject/SCManagedObject.h; sourceTree = "<group>"; };
		1FBD60DE1B018F04008E0FEC /* SCManagedObject.m */ = {isa = PBXFileReference; fileEncoding = 4; lastKnownFileType = sourcecode.c.objc; name = SCManagedObject.m; path = SCManagedObject/SCManagedObject.m; sourceTree = "<group>"; };
		1FBD60E01B018F81008E0FEC /* SCUpdatedAtCreatedAt.h */ = {isa = PBXFileReference; fileEncoding = 4; lastKnownFileType = sourcecode.c.h; name = SCUpdatedAtCreatedAt.h; path = SCUpdatedAtCreatedAt/SCUpdatedAtCreatedAt.h; sourceTree = "<group>"; };
		1FBD60E11B018F81008E0FEC /* SCUpdatedAtCreatedAt.m */ = {isa = PBXFileReference; fileEncoding = 4; lastKnownFileType = sourcecode.c.objc; name = SCUpdatedAtCreatedAt.m; path = SCUpdatedAtCreatedAt/SCUpdatedAtCreatedAt.m; sourceTree = "<group>"; };
		1FBD60E31B019DDE008E0FEC /* NSManagedObjectContext+SCManagedObjectContext.h */ = {isa = PBXFileReference; fileEncoding = 4; lastKnownFileType = sourcecode.c.h; path = "NSManagedObjectContext+SCManagedObjectContext.h"; sourceTree = "<group>"; };
		1FBD60E41B019DDE008E0FEC /* NSManagedObjectContext+SCManagedObjectContext.m */ = {isa = PBXFileReference; fileEncoding = 4; lastKnownFileType = sourcecode.c.objc; path = "NSManagedObjectContext+SCManagedObjectContext.m"; sourceTree = "<group>"; };
		1FBD60E61B019DFA008E0FEC /* NSPredicate+SCPredicate.h */ = {isa = PBXFileReference; fileEncoding = 4; lastKnownFileType = sourcecode.c.h; path = "NSPredicate+SCPredicate.h"; sourceTree = "<group>"; };
		1FBD60E71B019DFA008E0FEC /* NSPredicate+SCPredicate.m */ = {isa = PBXFileReference; fileEncoding = 4; lastKnownFileType = sourcecode.c.objc; path = "NSPredicate+SCPredicate.m"; sourceTree = "<group>"; };
		1FBD60EA1B01A061008E0FEC /* SCAPIStrings.h */ = {isa = PBXFileReference; fileEncoding = 4; lastKnownFileType = sourcecode.c.h; path = SCAPIStrings.h; sourceTree = "<group>"; };
		1FBD60EB1B01A061008E0FEC /* SCAPIStrings.m */ = {isa = PBXFileReference; fileEncoding = 4; lastKnownFileType = sourcecode.c.objc; path = SCAPIStrings.m; sourceTree = "<group>"; };
		1FBD60ED1B01A908008E0FEC /* SCAPIService.h */ = {isa = PBXFileReference; fileEncoding = 4; lastKnownFileType = sourcecode.c.h; path = SCAPIService.h; sourceTree = "<group>"; };
		1FBD60EE1B01A908008E0FEC /* SCAPIService.m */ = {isa = PBXFileReference; fileEncoding = 4; lastKnownFileType = sourcecode.c.objc; path = SCAPIService.m; sourceTree = "<group>"; };
		1FBD60F01B01AAC4008E0FEC /* SCHTTPSessionManager.h */ = {isa = PBXFileReference; fileEncoding = 4; lastKnownFileType = sourcecode.c.h; path = SCHTTPSessionManager.h; sourceTree = "<group>"; };
		1FBD60F11B01AAC4008E0FEC /* SCHTTPSessionManager.m */ = {isa = PBXFileReference; fileEncoding = 4; lastKnownFileType = sourcecode.c.objc; path = SCHTTPSessionManager.m; sourceTree = "<group>"; };
		1FD2566B1B0D3FA40089122A /* SCSessionFeedbackViewController.h */ = {isa = PBXFileReference; fileEncoding = 4; lastKnownFileType = sourcecode.c.h; path = SCSessionFeedbackViewController.h; sourceTree = "<group>"; };
		1FD2566C1B0D3FA40089122A /* SCSessionFeedbackViewController.m */ = {isa = PBXFileReference; fileEncoding = 4; lastKnownFileType = sourcecode.c.objc; path = SCSessionFeedbackViewController.m; sourceTree = "<group>"; };
		1FD256711B0D58540089122A /* UIView+MBProgressHUD.h */ = {isa = PBXFileReference; fileEncoding = 4; lastKnownFileType = sourcecode.c.h; path = "UIView+MBProgressHUD.h"; sourceTree = "<group>"; };
		1FD256721B0D58540089122A /* UIView+MBProgressHUD.m */ = {isa = PBXFileReference; fileEncoding = 4; lastKnownFileType = sourcecode.c.objc; path = "UIView+MBProgressHUD.m"; sourceTree = "<group>"; };
		1FE566721B0D7A6B00044DFE /* SCNameLabelHeaderView.h */ = {isa = PBXFileReference; fileEncoding = 4; lastKnownFileType = sourcecode.c.h; path = SCNameLabelHeaderView.h; sourceTree = "<group>"; };
		1FE566731B0D7A6B00044DFE /* SCNameLabelHeaderView.m */ = {isa = PBXFileReference; fileEncoding = 4; lastKnownFileType = sourcecode.c.objc; path = SCNameLabelHeaderView.m; sourceTree = "<group>"; };
		1FE566751B0D812000044DFE /* SCCodeOfConductViewController.h */ = {isa = PBXFileReference; fileEncoding = 4; lastKnownFileType = sourcecode.c.h; path = SCCodeOfConductViewController.h; sourceTree = "<group>"; };
		1FE566761B0D812000044DFE /* SCCodeOfConductViewController.m */ = {isa = PBXFileReference; fileEncoding = 4; lastKnownFileType = sourcecode.c.objc; path = SCCodeOfConductViewController.m; sourceTree = "<group>"; };
		2D10993C3C99F6944FEAF14F /* Pods-SelfConferenceTests.debug.xcconfig */ = {isa = PBXFileReference; includeInIndex = 1; lastKnownFileType = text.xcconfig; name = "Pods-SelfConferenceTests.debug.xcconfig"; path = "Pods/Target Support Files/Pods-SelfConferenceTests/Pods-SelfConferenceTests.debug.xcconfig"; sourceTree = "<group>"; };
		37D95520F9868BAA20A1EBC8 /* Pods.debug.xcconfig */ = {isa = PBXFileReference; includeInIndex = 1; lastKnownFileType = text.xcconfig; name = Pods.debug.xcconfig; path = "Pods/Target Support Files/Pods/Pods.debug.xcconfig"; sourceTree = "<group>"; };
		3B1457BA96527132726AC017 /* libPods.a */ = {isa = PBXFileReference; explicitFileType = archive.ar; includeInIndex = 0; path = libPods.a; sourceTree = BUILT_PRODUCTS_DIR; };
		5EE50E0DDACDE2B2A8D764A2 /* Pods.release.xcconfig */ = {isa = PBXFileReference; includeInIndex = 1; lastKnownFileType = text.xcconfig; name = Pods.release.xcconfig; path = "Pods/Target Support Files/Pods/Pods.release.xcconfig"; sourceTree = "<group>"; };
		60EF66F9348AD1F837863DB2 /* Pods.appstore.xcconfig */ = {isa = PBXFileReference; includeInIndex = 1; lastKnownFileType = text.xcconfig; name = Pods.appstore.xcconfig; path = "Pods/Target Support Files/Pods/Pods.appstore.xcconfig"; sourceTree = "<group>"; };
		712342F2F08C3B3194CF395D /* Pods-SelfConferenceTests.release.xcconfig */ = {isa = PBXFileReference; includeInIndex = 1; lastKnownFileType = text.xcconfig; name = "Pods-SelfConferenceTests.release.xcconfig"; path = "Pods/Target Support Files/Pods-SelfConferenceTests/Pods-SelfConferenceTests.release.xcconfig"; sourceTree = "<group>"; };
		BD8F553853A58875DD1A6969 /* libPods-SelfConferenceTests.a */ = {isa = PBXFileReference; explicitFileType = archive.ar; includeInIndex = 0; path = "libPods-SelfConferenceTests.a"; sourceTree = BUILT_PRODUCTS_DIR; };
		D94D5F52919A1DAD2791CEEF /* Pods-SelfConferenceTests.appstore.xcconfig */ = {isa = PBXFileReference; includeInIndex = 1; lastKnownFileType = text.xcconfig; name = "Pods-SelfConferenceTests.appstore.xcconfig"; path = "Pods/Target Support Files/Pods-SelfConferenceTests/Pods-SelfConferenceTests.appstore.xcconfig"; sourceTree = "<group>"; };
/* End PBXFileReference section */

/* Begin PBXFrameworksBuildPhase section */
		1F7392AF1A9985BD00F4B10F /* Frameworks */ = {
			isa = PBXFrameworksBuildPhase;
			buildActionMask = 2147483647;
			files = (
				52177A65E8B8CFE8659C76EF /* libPods.a in Frameworks */,
			);
			runOnlyForDeploymentPostprocessing = 0;
		};
		1F7392CB1A9985BE00F4B10F /* Frameworks */ = {
			isa = PBXFrameworksBuildPhase;
			buildActionMask = 2147483647;
			files = (
				FEEAC01EB9E2FC1CB6FE80F7 /* libPods-SelfConferenceTests.a in Frameworks */,
			);
			runOnlyForDeploymentPostprocessing = 0;
		};
/* End PBXFrameworksBuildPhase section */

/* Begin PBXGroup section */
		1F0BAA771A99886F0059C73A /* Supporting-Files */ = {
			isa = PBXGroup;
			children = (
				1F0BAA781A99886F0059C73A /* Info.plist */,
				1F0BAA791A99886F0059C73A /* main.m */,
			);
			path = "Supporting-Files";
			sourceTree = "<group>";
		};
		1F0BAA831A9989460059C73A /* Resources */ = {
			isa = PBXGroup;
			children = (
				1F0BAA841A9989460059C73A /* Images.xcassets */,
			);
			path = Resources;
			sourceTree = "<group>";
		};
		1F0BAA861A9989890059C73A /* Views */ = {
			isa = PBXGroup;
			children = (
				1F0BAA871A9989890059C73A /* LaunchScreen.xib */,
				1F0734F21B0C327B00A74989 /* SCFadeWhenHighlightedCollectionViewCell.h */,
				1F0734F31B0C327B00A74989 /* SCFadeWhenHighlightedCollectionViewCell.m */,
				1F7560831B04448F00795E54 /* SCSessionDetailsCollectionViewCell.h */,
				1F7560841B04448F00795E54 /* SCSessionDetailsCollectionViewCell.m */,
				1F5AC6FE1ABE62680076E341 /* SCSessionNameTableViewCell.h */,
				1F5AC6FF1ABE62680076E341 /* SCSessionNameTableViewCell.m */,
				1F5AC7011ABE62A50076E341 /* SCSessionAbstractTableViewCell.h */,
				1F5AC7021ABE62A50076E341 /* SCSessionAbstractTableViewCell.m */,
				1F5AC7071ABE62CE0076E341 /* SCSessionSpeakerDetailsTableViewCell.h */,
				1F5AC7081ABE62CE0076E341 /* SCSessionSpeakerDetailsTableViewCell.m */,
				1F2CCFA61B0B9F3A00C24FFC /* SCSponsorCollectionViewCell.h */,
				1F2CCFA71B0B9F3A00C24FFC /* SCSponsorCollectionViewCell.m */,
				1F0734E91B0C1B7B00A74989 /* SCSpeakerCollectionViewCell.h */,
				1F0734EA1B0C1B7B00A74989 /* SCSpeakerCollectionViewCell.m */,
				1FE566721B0D7A6B00044DFE /* SCNameLabelHeaderView.h */,
				1FE566731B0D7A6B00044DFE /* SCNameLabelHeaderView.m */,
			);
			path = Views;
			sourceTree = "<group>";
		};
		1F0BAA891A998D480059C73A /* Storyboards */ = {
			isa = PBXGroup;
			children = (
				1F0BAA8A1A998D520059C73A /* Main.storyboard */,
				1F0BAAA31A99A3680059C73A /* SCSharedStoryboardInstances.h */,
				1F0BAAA41A99A3680059C73A /* SCSharedStoryboardInstances.m */,
			);
			path = Storyboards;
			sourceTree = "<group>";
		};
		1F0BAA8C1A998F8B0059C73A /* Controllers */ = {
			isa = PBXGroup;
			children = (
				1F2CCFA91B0BA10C00C24FFC /* SCUpdatingEventBaseViewController.h */,
				1F2CCFAA1B0BA10C00C24FFC /* SCUpdatingEventBaseViewController.m */,
				1F7560801B043A8900795E54 /* SCScheduleViewController.h */,
				1F7560811B043A8900795E54 /* SCScheduleViewController.m */,
				1F9B5A311B0ADC5A009DFD5D /* SCMenuViewController.h */,
				1F9B5A321B0ADC5A009DFD5D /* SCMenuViewController.m */,
				1FD2566B1B0D3FA40089122A /* SCSessionFeedbackViewController.h */,
				1FD2566C1B0D3FA40089122A /* SCSessionFeedbackViewController.m */,
				1FE566751B0D812000044DFE /* SCCodeOfConductViewController.h */,
				1FE566761B0D812000044DFE /* SCCodeOfConductViewController.m */,
			);
			path = Controllers;
			sourceTree = "<group>";
		};
		1F0BAA951A9994000059C73A /* Models */ = {
			isa = PBXGroup;
			children = (
				1FBD60A81B017B06008E0FEC /* SelfConferenceDataModel.xcdatamodeld */,
				1FBD60DD1B018F04008E0FEC /* SCManagedObject.h */,
				1FBD60DE1B018F04008E0FEC /* SCManagedObject.m */,
				1FBD60C31B018EDC008E0FEC /* SCManagedObject */,
			);
			path = Models;
			sourceTree = "<group>";
		};
		1F0BAAAD1A99B7D00059C73A /* Categories */ = {
			isa = PBXGroup;
			children = (
				1F0BAAAE1A99B7DE0059C73A /* NSError+SCError.h */,
				1F0BAAAF1A99B7DE0059C73A /* NSError+SCError.m */,
				1F0BAAB11A99C65A0059C73A /* NSUserDefaults+SCUserDefaults.h */,
				1F0BAAB21A99C65A0059C73A /* NSUserDefaults+SCUserDefaults.m */,
				1F86EF2E1ABE05DD001E30DD /* UIColor+SCColor.h */,
				1F86EF2F1ABE05DD001E30DD /* UIColor+SCColor.m */,
				1F5AC6F51ABE40A00076E341 /* UIView+SCUtilities.h */,
				1F5AC6F61ABE40A00076E341 /* UIView+SCUtilities.m */,
				1FBD60E61B019DFA008E0FEC /* NSPredicate+SCPredicate.h */,
				1FBD60E71B019DFA008E0FEC /* NSPredicate+SCPredicate.m */,
				1FBD60E31B019DDE008E0FEC /* NSManagedObjectContext+SCManagedObjectContext.h */,
				1FBD60E41B019DDE008E0FEC /* NSManagedObjectContext+SCManagedObjectContext.m */,
				1F7194491B0423CD0098DB48 /* NSDictionary+SCManagedObject.h */,
				1F71944A1B0423CD0098DB48 /* NSDictionary+SCManagedObject.m */,
				1F71944C1B0425020098DB48 /* NSSet+SCManagedObject.h */,
				1F71944D1B0425020098DB48 /* NSSet+SCManagedObject.m */,
				1F64F0361B0920F400833292 /* SCLabelWithCommonCoderAndFrameInitializer.h */,
				1F64F0371B0920F400833292 /* SCLabelWithCommonCoderAndFrameInitializer.m */,
				1F64F0381B0920F400833292 /* SCPurpleTextColorLabel.h */,
				1F64F0391B0920F400833292 /* SCPurpleTextColorLabel.m */,
				1F64F03F1B0921DE00833292 /* SCTealTextColorLabel.h */,
				1F64F0401B0921DE00833292 /* SCTealTextColorLabel.m */,
				1F64F0421B09220E00833292 /* SCRedTextColorLabel.h */,
				1F64F0431B09220E00833292 /* SCRedTextColorLabel.m */,
				1F64F0451B0929EE00833292 /* NSString+SCHTMLTagConverter.h */,
				1F64F0461B0929EE00833292 /* NSString+SCHTMLTagConverter.m */,
				1F2CCF9A1B0B7CA500C24FFC /* NSString+SCFromDate.h */,
				1F2CCF9B1B0B7CA500C24FFC /* NSString+SCFromDate.m */,
				1F2CCFA01B0B818900C24FFC /* NSDateFormatter+SCDateFormatter.h */,
				1F2CCFA11B0B818900C24FFC /* NSDateFormatter+SCDateFormatter.m */,
				1F0734EC1B0C203900A74989 /* UIAlertController+SCAlertController.h */,
				1F0734ED1B0C203900A74989 /* UIAlertController+SCAlertController.m */,
				1F0734EF1B0C215B00A74989 /* UIAlertAction+SCAlertAction.h */,
				1F0734F01B0C215B00A74989 /* UIAlertAction+SCAlertAction.m */,
				1FD256711B0D58540089122A /* UIView+MBProgressHUD.h */,
				1FD256721B0D58540089122A /* UIView+MBProgressHUD.m */,
			);
			path = Categories;
			sourceTree = "<group>";
		};
		1F7392A91A9985BD00F4B10F = {
			isa = PBXGroup;
			children = (
				1F7392B41A9985BE00F4B10F /* SelfConference */,
				1F7392D11A9985BE00F4B10F /* SelfConferenceTests */,
				1F7392B31A9985BE00F4B10F /* Products */,
				7A498C1927ACE97829FE04A0 /* Pods */,
				F4FCA3B9FB63EE20805148E9 /* Frameworks */,
			);
			sourceTree = "<group>";
		};
		1F7392B31A9985BE00F4B10F /* Products */ = {
			isa = PBXGroup;
			children = (
				1F7392B21A9985BE00F4B10F /* SelfConference.app */,
				1F7392CE1A9985BE00F4B10F /* SelfConferenceTests.xctest */,
			);
			name = Products;
			sourceTree = "<group>";
		};
		1F7392B41A9985BE00F4B10F /* SelfConference */ = {
			isa = PBXGroup;
			children = (
				1F7392B91A9985BE00F4B10F /* SCAppDelegate.h */,
				1F7392BA1A9985BE00F4B10F /* SCAppDelegate.m */,
				1FBD60E91B01A053008E0FEC /* API */,
				1F0BAAAD1A99B7D00059C73A /* Categories */,
				1F0BAA8C1A998F8B0059C73A /* Controllers */,
				1F0BAA951A9994000059C73A /* Models */,
				1F0BAA831A9989460059C73A /* Resources */,
				1F0BAA891A998D480059C73A /* Storyboards */,
				1F0BAA771A99886F0059C73A /* Supporting-Files */,
				1F0BAA861A9989890059C73A /* Views */,
			);
			path = SelfConference;
			sourceTree = "<group>";
		};
		1F7392D11A9985BE00F4B10F /* SelfConferenceTests */ = {
			isa = PBXGroup;
			children = (
				1F7392D41A9985BE00F4B10F /* SelfConferenceTests.m */,
				1F7392D21A9985BE00F4B10F /* Supporting Files */,
			);
			path = SelfConferenceTests;
			sourceTree = "<group>";
		};
		1F7392D21A9985BE00F4B10F /* Supporting Files */ = {
			isa = PBXGroup;
			children = (
				1F7392D31A9985BE00F4B10F /* Info.plist */,
			);
			name = "Supporting Files";
			sourceTree = "<group>";
		};
		1FBD60C31B018EDC008E0FEC /* SCManagedObject */ = {
			isa = PBXGroup;
			children = (
				1FBD60E01B018F81008E0FEC /* SCUpdatedAtCreatedAt.h */,
				1FBD60E11B018F81008E0FEC /* SCUpdatedAtCreatedAt.m */,
				1FBD60C41B018EDC008E0FEC /* SCUpdatedAtCreatedAt */,
			);
			path = SCManagedObject;
			sourceTree = "<group>";
		};
		1FBD60C41B018EDC008E0FEC /* SCUpdatedAtCreatedAt */ = {
			isa = PBXGroup;
			children = (
				1FBD60C51B018EDC008E0FEC /* SCEvent.h */,
				1FBD60C61B018EDC008E0FEC /* SCEvent.m */,
				1FBD60C71B018EDC008E0FEC /* SCOrganizer.h */,
				1FBD60C81B018EDC008E0FEC /* SCOrganizer.m */,
				1FBD60C91B018EDC008E0FEC /* SCRoom.h */,
				1FBD60CA1B018EDC008E0FEC /* SCRoom.m */,
				1FBD60CB1B018EDC008E0FEC /* SCSession.h */,
				1FBD60CC1B018EDC008E0FEC /* SCSession.m */,
				1FBD60CD1B018EDC008E0FEC /* SCSpeaker.h */,
				1FBD60CE1B018EDC008E0FEC /* SCSpeaker.m */,
				1FBD60CF1B018EDC008E0FEC /* SCSponsor.h */,
				1FBD60D01B018EDC008E0FEC /* SCSponsor.m */,
				1FBD60D11B018EDC008E0FEC /* SCSponsorLevel.h */,
				1FBD60D21B018EDC008E0FEC /* SCSponsorLevel.m */,
				1FBD60D31B018EDC008E0FEC /* SCVenue.h */,
				1FBD60D41B018EDC008E0FEC /* SCVenue.m */,
			);
			path = SCUpdatedAtCreatedAt;
			sourceTree = "<group>";
		};
		1FBD60E91B01A053008E0FEC /* API */ = {
			isa = PBXGroup;
			children = (
				1FBD60EA1B01A061008E0FEC /* SCAPIStrings.h */,
				1FBD60EB1B01A061008E0FEC /* SCAPIStrings.m */,
				1FBD60ED1B01A908008E0FEC /* SCAPIService.h */,
				1FBD60EE1B01A908008E0FEC /* SCAPIService.m */,
				1FBD60F01B01AAC4008E0FEC /* SCHTTPSessionManager.h */,
				1FBD60F11B01AAC4008E0FEC /* SCHTTPSessionManager.m */,
			);
			path = API;
			sourceTree = "<group>";
		};
		7A498C1927ACE97829FE04A0 /* Pods */ = {
			isa = PBXGroup;
			children = (
				2D10993C3C99F6944FEAF14F /* Pods-SelfConferenceTests.debug.xcconfig */,
				712342F2F08C3B3194CF395D /* Pods-SelfConferenceTests.release.xcconfig */,
				37D95520F9868BAA20A1EBC8 /* Pods.debug.xcconfig */,
				5EE50E0DDACDE2B2A8D764A2 /* Pods.release.xcconfig */,
				60EF66F9348AD1F837863DB2 /* Pods.appstore.xcconfig */,
				D94D5F52919A1DAD2791CEEF /* Pods-SelfConferenceTests.appstore.xcconfig */,
			);
			name = Pods;
			sourceTree = "<group>";
		};
		F4FCA3B9FB63EE20805148E9 /* Frameworks */ = {
			isa = PBXGroup;
			children = (
				BD8F553853A58875DD1A6969 /* libPods-SelfConferenceTests.a */,
				3B1457BA96527132726AC017 /* libPods.a */,
			);
			name = Frameworks;
			sourceTree = "<group>";
		};
/* End PBXGroup section */

/* Begin PBXNativeTarget section */
		1F7392B11A9985BD00F4B10F /* SelfConference */ = {
			isa = PBXNativeTarget;
			buildConfigurationList = 1F7392D81A9985BE00F4B10F /* Build configuration list for PBXNativeTarget "SelfConference" */;
			buildPhases = (
				7604A4A8C73A27EB3FF842AC /* Check Pods Manifest.lock */,
				1F7392AE1A9985BD00F4B10F /* Sources */,
				1F7392AF1A9985BD00F4B10F /* Frameworks */,
				1F7392B01A9985BD00F4B10F /* Resources */,
				8D7753CCB70737433A47F5FE /* Copy Pods Resources */,
			);
			buildRules = (
			);
			dependencies = (
			);
			name = SelfConference;
			productName = SelfConference;
			productReference = 1F7392B21A9985BE00F4B10F /* SelfConference.app */;
			productType = "com.apple.product-type.application";
		};
		1F7392CD1A9985BE00F4B10F /* SelfConferenceTests */ = {
			isa = PBXNativeTarget;
			buildConfigurationList = 1F7392DB1A9985BE00F4B10F /* Build configuration list for PBXNativeTarget "SelfConferenceTests" */;
			buildPhases = (
				67BC063E691D1FD53EA45890 /* Check Pods Manifest.lock */,
				1F7392CA1A9985BE00F4B10F /* Sources */,
				1F7392CB1A9985BE00F4B10F /* Frameworks */,
				1F7392CC1A9985BE00F4B10F /* Resources */,
				87D9102E757C83B18A98E3DE /* Copy Pods Resources */,
			);
			buildRules = (
			);
			dependencies = (
				1F7392D01A9985BE00F4B10F /* PBXTargetDependency */,
			);
			name = SelfConferenceTests;
			productName = SelfConferenceTests;
			productReference = 1F7392CE1A9985BE00F4B10F /* SelfConferenceTests.xctest */;
			productType = "com.apple.product-type.bundle.unit-test";
		};
/* End PBXNativeTarget section */

/* Begin PBXProject section */
		1F7392AA1A9985BD00F4B10F /* Project object */ = {
			isa = PBXProject;
			attributes = {
				LastUpgradeCheck = 0610;
				ORGANIZATIONNAME = "Self Conference";
				TargetAttributes = {
					1F7392B11A9985BD00F4B10F = {
						CreatedOnToolsVersion = 6.1.1;
						DevelopmentTeam = 6477MFL6C9;
					};
					1F7392CD1A9985BE00F4B10F = {
						CreatedOnToolsVersion = 6.1.1;
						TestTargetID = 1F7392B11A9985BD00F4B10F;
					};
				};
			};
			buildConfigurationList = 1F7392AD1A9985BD00F4B10F /* Build configuration list for PBXProject "SelfConference" */;
			compatibilityVersion = "Xcode 3.2";
			developmentRegion = English;
			hasScannedForEncodings = 0;
			knownRegions = (
				en,
				Base,
			);
			mainGroup = 1F7392A91A9985BD00F4B10F;
			productRefGroup = 1F7392B31A9985BE00F4B10F /* Products */;
			projectDirPath = "";
			projectRoot = "";
			targets = (
				1F7392B11A9985BD00F4B10F /* SelfConference */,
				1F7392CD1A9985BE00F4B10F /* SelfConferenceTests */,
			);
		};
/* End PBXProject section */

/* Begin PBXResourcesBuildPhase section */
		1F7392B01A9985BD00F4B10F /* Resources */ = {
			isa = PBXResourcesBuildPhase;
			buildActionMask = 2147483647;
			files = (
				1F0BAA881A9989890059C73A /* LaunchScreen.xib in Resources */,
				1F0BAA851A9989460059C73A /* Images.xcassets in Resources */,
				1F0BAA8B1A998D520059C73A /* Main.storyboard in Resources */,
			);
			runOnlyForDeploymentPostprocessing = 0;
		};
		1F7392CC1A9985BE00F4B10F /* Resources */ = {
			isa = PBXResourcesBuildPhase;
			buildActionMask = 2147483647;
			files = (
			);
			runOnlyForDeploymentPostprocessing = 0;
		};
/* End PBXResourcesBuildPhase section */

/* Begin PBXShellScriptBuildPhase section */
		67BC063E691D1FD53EA45890 /* Check Pods Manifest.lock */ = {
			isa = PBXShellScriptBuildPhase;
			buildActionMask = 2147483647;
			files = (
			);
			inputPaths = (
			);
			name = "Check Pods Manifest.lock";
			outputPaths = (
			);
			runOnlyForDeploymentPostprocessing = 0;
			shellPath = /bin/sh;
			shellScript = "diff \"${PODS_ROOT}/../Podfile.lock\" \"${PODS_ROOT}/Manifest.lock\" > /dev/null\nif [[ $? != 0 ]] ; then\n    cat << EOM\nerror: The sandbox is not in sync with the Podfile.lock. Run 'pod install' or update your CocoaPods installation.\nEOM\n    exit 1\nfi\n";
			showEnvVarsInLog = 0;
		};
		7604A4A8C73A27EB3FF842AC /* Check Pods Manifest.lock */ = {
			isa = PBXShellScriptBuildPhase;
			buildActionMask = 2147483647;
			files = (
			);
			inputPaths = (
			);
			name = "Check Pods Manifest.lock";
			outputPaths = (
			);
			runOnlyForDeploymentPostprocessing = 0;
			shellPath = /bin/sh;
			shellScript = "diff \"${PODS_ROOT}/../Podfile.lock\" \"${PODS_ROOT}/Manifest.lock\" > /dev/null\nif [[ $? != 0 ]] ; then\n    cat << EOM\nerror: The sandbox is not in sync with the Podfile.lock. Run 'pod install' or update your CocoaPods installation.\nEOM\n    exit 1\nfi\n";
			showEnvVarsInLog = 0;
		};
		87D9102E757C83B18A98E3DE /* Copy Pods Resources */ = {
			isa = PBXShellScriptBuildPhase;
			buildActionMask = 2147483647;
			files = (
			);
			inputPaths = (
			);
			name = "Copy Pods Resources";
			outputPaths = (
			);
			runOnlyForDeploymentPostprocessing = 0;
			shellPath = /bin/sh;
			shellScript = "\"${SRCROOT}/Pods/Target Support Files/Pods-SelfConferenceTests/Pods-SelfConferenceTests-resources.sh\"\n";
			showEnvVarsInLog = 0;
		};
		8D7753CCB70737433A47F5FE /* Copy Pods Resources */ = {
			isa = PBXShellScriptBuildPhase;
			buildActionMask = 2147483647;
			files = (
			);
			inputPaths = (
			);
			name = "Copy Pods Resources";
			outputPaths = (
			);
			runOnlyForDeploymentPostprocessing = 0;
			shellPath = /bin/sh;
			shellScript = "\"${SRCROOT}/Pods/Target Support Files/Pods/Pods-resources.sh\"\n";
			showEnvVarsInLog = 0;
		};
/* End PBXShellScriptBuildPhase section */

/* Begin PBXSourcesBuildPhase section */
		1F7392AE1A9985BD00F4B10F /* Sources */ = {
			isa = PBXSourcesBuildPhase;
			buildActionMask = 2147483647;
			files = (
				1FBD60D71B018EDC008E0FEC /* SCRoom.m in Sources */,
				1F0734F41B0C327B00A74989 /* SCFadeWhenHighlightedCollectionViewCell.m in Sources */,
				1FBD60E51B019DDE008E0FEC /* NSManagedObjectContext+SCManagedObjectContext.m in Sources */,
				1F7560851B04448F00795E54 /* SCSessionDetailsCollectionViewCell.m in Sources */,
				1F0734F11B0C215B00A74989 /* UIAlertAction+SCAlertAction.m in Sources */,
				1FBD60DB1B018EDC008E0FEC /* SCSponsorLevel.m in Sources */,
				1FBD60DF1B018F04008E0FEC /* SCManagedObject.m in Sources */,
				1F0BAA7B1A99886F0059C73A /* main.m in Sources */,
				1FBD60EC1B01A061008E0FEC /* SCAPIStrings.m in Sources */,
				1FBD60D81B018EDC008E0FEC /* SCSession.m in Sources */,
				1F64F03B1B0920F400833292 /* SCPurpleTextColorLabel.m in Sources */,
				1FBD60EF1B01A908008E0FEC /* SCAPIService.m in Sources */,
				1F71944E1B0425020098DB48 /* NSSet+SCManagedObject.m in Sources */,
				1F2CCF9C1B0B7CA500C24FFC /* NSString+SCFromDate.m in Sources */,
				1FBD60DA1B018EDC008E0FEC /* SCSponsor.m in Sources */,
				1F5AC6F71ABE40A00076E341 /* UIView+SCUtilities.m in Sources */,
				1FBD60E21B018F81008E0FEC /* SCUpdatedAtCreatedAt.m in Sources */,
				1FBD60D51B018EDC008E0FEC /* SCEvent.m in Sources */,
				1FBD60D91B018EDC008E0FEC /* SCSpeaker.m in Sources */,
				1F7560821B043A8900795E54 /* SCScheduleViewController.m in Sources */,
				1F2CCFA21B0B818900C24FFC /* NSDateFormatter+SCDateFormatter.m in Sources */,
				1FBD60F21B01AAC4008E0FEC /* SCHTTPSessionManager.m in Sources */,
				1F5AC7091ABE62CE0076E341 /* SCSessionSpeakerDetailsTableViewCell.m in Sources */,
				1F64F0441B09220E00833292 /* SCRedTextColorLabel.m in Sources */,
				1FBD60E81B019DFA008E0FEC /* NSPredicate+SCPredicate.m in Sources */,
				1F86EF301ABE05DD001E30DD /* UIColor+SCColor.m in Sources */,
				1F64F03A1B0920F400833292 /* SCLabelWithCommonCoderAndFrameInitializer.m in Sources */,
				1F0BAAA51A99A3680059C73A /* SCSharedStoryboardInstances.m in Sources */,
				1F0734EB1B0C1B7B00A74989 /* SCSpeakerCollectionViewCell.m in Sources */,
				1F7392BB1A9985BE00F4B10F /* SCAppDelegate.m in Sources */,
				1F5AC7001ABE62680076E341 /* SCSessionNameTableViewCell.m in Sources */,
				1FD256731B0D58540089122A /* UIView+MBProgressHUD.m in Sources */,
				1F2CCFAB1B0BA10C00C24FFC /* SCUpdatingEventBaseViewController.m in Sources */,
				1F5AC7031ABE62A50076E341 /* SCSessionAbstractTableViewCell.m in Sources */,
				1F64F0471B0929EE00833292 /* NSString+SCHTMLTagConverter.m in Sources */,
				1F0BAAB01A99B7DE0059C73A /* NSError+SCError.m in Sources */,
				1F0734EE1B0C203900A74989 /* UIAlertController+SCAlertController.m in Sources */,
				1FBD60D61B018EDC008E0FEC /* SCOrganizer.m in Sources */,
				1FBD60DC1B018EDC008E0FEC /* SCVenue.m in Sources */,
				1F71944B1B0423CD0098DB48 /* NSDictionary+SCManagedObject.m in Sources */,
				1FD2566D1B0D3FA40089122A /* SCSessionFeedbackViewController.m in Sources */,
				1F0BAAB31A99C65A0059C73A /* NSUserDefaults+SCUserDefaults.m in Sources */,
				1FBD60AA1B017B06008E0FEC /* SelfConferenceDataModel.xcdatamodeld in Sources */,
				1F64F0411B0921DE00833292 /* SCTealTextColorLabel.m in Sources */,
				1FE566741B0D7A6B00044DFE /* SCNameLabelHeaderView.m in Sources */,
				1F2CCFA81B0B9F3A00C24FFC /* SCSponsorCollectionViewCell.m in Sources */,
				1F9B5A331B0ADC5A009DFD5D /* SCMenuViewController.m in Sources */,
				1FE566771B0D812000044DFE /* SCCodeOfConductViewController.m in Sources */,
			);
			runOnlyForDeploymentPostprocessing = 0;
		};
		1F7392CA1A9985BE00F4B10F /* Sources */ = {
			isa = PBXSourcesBuildPhase;
			buildActionMask = 2147483647;
			files = (
				1F7392D51A9985BE00F4B10F /* SelfConferenceTests.m in Sources */,
			);
			runOnlyForDeploymentPostprocessing = 0;
		};
/* End PBXSourcesBuildPhase section */

/* Begin PBXTargetDependency section */
		1F7392D01A9985BE00F4B10F /* PBXTargetDependency */ = {
			isa = PBXTargetDependency;
			target = 1F7392B11A9985BD00F4B10F /* SelfConference */;
			targetProxy = 1F7392CF1A9985BE00F4B10F /* PBXContainerItemProxy */;
		};
/* End PBXTargetDependency section */

/* Begin XCBuildConfiguration section */
		1F7392D61A9985BE00F4B10F /* Debug */ = {
			isa = XCBuildConfiguration;
			buildSettings = {
				ALWAYS_SEARCH_USER_PATHS = NO;
				CLANG_CXX_LANGUAGE_STANDARD = "gnu++0x";
				CLANG_CXX_LIBRARY = "libc++";
				CLANG_ENABLE_MODULES = YES;
				CLANG_ENABLE_OBJC_ARC = YES;
				CLANG_WARN_BOOL_CONVERSION = YES;
				CLANG_WARN_CONSTANT_CONVERSION = YES;
				CLANG_WARN_DIRECT_OBJC_ISA_USAGE = YES_ERROR;
				CLANG_WARN_EMPTY_BODY = YES;
				CLANG_WARN_ENUM_CONVERSION = YES;
				CLANG_WARN_INT_CONVERSION = YES;
				CLANG_WARN_OBJC_ROOT_CLASS = YES_ERROR;
				CLANG_WARN_UNREACHABLE_CODE = YES;
				CLANG_WARN__DUPLICATE_METHOD_MATCH = YES;
				"CODE_SIGN_IDENTITY[sdk=iphoneos*]" = "iPhone Developer";
				COPY_PHASE_STRIP = NO;
				ENABLE_STRICT_OBJC_MSGSEND = YES;
				GCC_C_LANGUAGE_STANDARD = gnu99;
				GCC_DYNAMIC_NO_PIC = NO;
				GCC_OPTIMIZATION_LEVEL = 0;
				GCC_PREPROCESSOR_DEFINITIONS = (
					"DEBUG=1",
					"$(inherited)",
				);
				GCC_SYMBOLS_PRIVATE_EXTERN = NO;
				GCC_WARN_64_TO_32_BIT_CONVERSION = YES;
				GCC_WARN_ABOUT_RETURN_TYPE = YES_ERROR;
				GCC_WARN_UNDECLARED_SELECTOR = YES;
				GCC_WARN_UNINITIALIZED_AUTOS = YES_AGGRESSIVE;
				GCC_WARN_UNUSED_FUNCTION = YES;
				GCC_WARN_UNUSED_VARIABLE = YES;
				IPHONEOS_DEPLOYMENT_TARGET = 8.1;
				MTL_ENABLE_DEBUG_INFO = YES;
				ONLY_ACTIVE_ARCH = YES;
				SDKROOT = iphoneos;
				TARGETED_DEVICE_FAMILY = "1,2";
			};
			name = Debug;
		};
		1F7392D71A9985BE00F4B10F /* AppStore */ = {
			isa = XCBuildConfiguration;
			buildSettings = {
				ALWAYS_SEARCH_USER_PATHS = NO;
				CLANG_CXX_LANGUAGE_STANDARD = "gnu++0x";
				CLANG_CXX_LIBRARY = "libc++";
				CLANG_ENABLE_MODULES = YES;
				CLANG_ENABLE_OBJC_ARC = YES;
				CLANG_WARN_BOOL_CONVERSION = YES;
				CLANG_WARN_CONSTANT_CONVERSION = YES;
				CLANG_WARN_DIRECT_OBJC_ISA_USAGE = YES_ERROR;
				CLANG_WARN_EMPTY_BODY = YES;
				CLANG_WARN_ENUM_CONVERSION = YES;
				CLANG_WARN_INT_CONVERSION = YES;
				CLANG_WARN_OBJC_ROOT_CLASS = YES_ERROR;
				CLANG_WARN_UNREACHABLE_CODE = YES;
				CLANG_WARN__DUPLICATE_METHOD_MATCH = YES;
				"CODE_SIGN_IDENTITY[sdk=iphoneos*]" = "iPhone Developer";
				COPY_PHASE_STRIP = YES;
				ENABLE_NS_ASSERTIONS = NO;
				ENABLE_STRICT_OBJC_MSGSEND = YES;
				GCC_C_LANGUAGE_STANDARD = gnu99;
				GCC_PREPROCESSOR_DEFINITIONS = "APPSTORE=1";
				GCC_WARN_64_TO_32_BIT_CONVERSION = YES;
				GCC_WARN_ABOUT_RETURN_TYPE = YES_ERROR;
				GCC_WARN_UNDECLARED_SELECTOR = YES;
				GCC_WARN_UNINITIALIZED_AUTOS = YES_AGGRESSIVE;
				GCC_WARN_UNUSED_FUNCTION = YES;
				GCC_WARN_UNUSED_VARIABLE = YES;
				IPHONEOS_DEPLOYMENT_TARGET = 8.1;
				MTL_ENABLE_DEBUG_INFO = NO;
				SDKROOT = iphoneos;
				TARGETED_DEVICE_FAMILY = "1,2";
				VALIDATE_PRODUCT = YES;
			};
			name = AppStore;
		};
		1F7392D91A9985BE00F4B10F /* Debug */ = {
			isa = XCBuildConfiguration;
			baseConfigurationReference = 37D95520F9868BAA20A1EBC8 /* Pods.debug.xcconfig */;
			buildSettings = {
				ASSETCATALOG_COMPILER_APPICON_NAME = AppIcon;
				CODE_SIGN_IDENTITY = "iPhone Developer";
				"CODE_SIGN_IDENTITY[sdk=iphoneos*]" = "iPhone Developer";
				INFOPLIST_FILE = "$(SRCROOT)/SelfConference/Supporting-Files/Info.plist";
				LD_RUNPATH_SEARCH_PATHS = "$(inherited) @executable_path/Frameworks";
				PRODUCT_NAME = "$(TARGET_NAME)";
				PROVISIONING_PROFILE = "";
				SC_BUNDLE_IDENTIFIER_SUFFIX = "-debug";
				SC_BUNDLE_NAME = "SC Debug";
				TARGETED_DEVICE_FAMILY = 1;
			};
			name = Debug;
		};
		1F7392DA1A9985BE00F4B10F /* AppStore */ = {
			isa = XCBuildConfiguration;
			baseConfigurationReference = 60EF66F9348AD1F837863DB2 /* Pods.appstore.xcconfig */;
			buildSettings = {
				ASSETCATALOG_COMPILER_APPICON_NAME = AppIcon;
				CODE_SIGN_IDENTITY = "iPhone Distribution: Amber Conville (6477MFL6C9)";
				INFOPLIST_FILE = "$(SRCROOT)/SelfConference/Supporting-Files/Info.plist";
				LD_RUNPATH_SEARCH_PATHS = "$(inherited) @executable_path/Frameworks";
				PRODUCT_NAME = "$(TARGET_NAME)";
				PROVISIONING_PROFILE = "533be274-fe09-47f7-b580-6fe907b59961";
				SC_BUNDLE_NAME = self.conf;
				TARGETED_DEVICE_FAMILY = 1;
			};
			name = AppStore;
		};
		1F7392DC1A9985BE00F4B10F /* Debug */ = {
			isa = XCBuildConfiguration;
			baseConfigurationReference = 2D10993C3C99F6944FEAF14F /* Pods-SelfConferenceTests.debug.xcconfig */;
			buildSettings = {
				BUNDLE_LOADER = "$(TEST_HOST)";
				FRAMEWORK_SEARCH_PATHS = (
					"$(SDKROOT)/Developer/Library/Frameworks",
					"$(inherited)",
				);
				GCC_PREPROCESSOR_DEFINITIONS = (
					"DEBUG=1",
					"$(inherited)",
				);
				INFOPLIST_FILE = SelfConferenceTests/Info.plist;
				LD_RUNPATH_SEARCH_PATHS = "$(inherited) @executable_path/Frameworks @loader_path/Frameworks";
				PRODUCT_NAME = "$(TARGET_NAME)";
				TEST_HOST = "$(BUILT_PRODUCTS_DIR)/SelfConference.app/SelfConference";
			};
			name = Debug;
		};
		1F7392DD1A9985BE00F4B10F /* AppStore */ = {
			isa = XCBuildConfiguration;
			baseConfigurationReference = D94D5F52919A1DAD2791CEEF /* Pods-SelfConferenceTests.appstore.xcconfig */;
			buildSettings = {
				BUNDLE_LOADER = "$(TEST_HOST)";
				FRAMEWORK_SEARCH_PATHS = (
					"$(SDKROOT)/Developer/Library/Frameworks",
					"$(inherited)",
				);
				INFOPLIST_FILE = SelfConferenceTests/Info.plist;
				LD_RUNPATH_SEARCH_PATHS = "$(inherited) @executable_path/Frameworks @loader_path/Frameworks";
				PRODUCT_NAME = "$(TARGET_NAME)";
				TEST_HOST = "$(BUILT_PRODUCTS_DIR)/SelfConference.app/SelfConference";
			};
			name = AppStore;
		};
/* End XCBuildConfiguration section */

/* Begin XCConfigurationList section */
		1F7392AD1A9985BD00F4B10F /* Build configuration list for PBXProject "SelfConference" */ = {
			isa = XCConfigurationList;
			buildConfigurations = (
				1F7392D61A9985BE00F4B10F /* Debug */,
				1F7392D71A9985BE00F4B10F /* AppStore */,
			);
			defaultConfigurationIsVisible = 0;
			defaultConfigurationName = Debug;
		};
		1F7392D81A9985BE00F4B10F /* Build configuration list for PBXNativeTarget "SelfConference" */ = {
			isa = XCConfigurationList;
			buildConfigurations = (
				1F7392D91A9985BE00F4B10F /* Debug */,
				1F7392DA1A9985BE00F4B10F /* AppStore */,
			);
			defaultConfigurationIsVisible = 0;
			defaultConfigurationName = Debug;
		};
		1F7392DB1A9985BE00F4B10F /* Build configuration list for PBXNativeTarget "SelfConferenceTests" */ = {
			isa = XCConfigurationList;
			buildConfigurations = (
				1F7392DC1A9985BE00F4B10F /* Debug */,
				1F7392DD1A9985BE00F4B10F /* AppStore */,
			);
			defaultConfigurationIsVisible = 0;
			defaultConfigurationName = Debug;
		};
/* End XCConfigurationList section */

/* Begin XCVersionGroup section */
		1FBD60A81B017B06008E0FEC /* SelfConferenceDataModel.xcdatamodeld */ = {
			isa = XCVersionGroup;
			children = (
				1F4FD4C41B0D2D2B008B4C8A /* SelfConferenceDataModel 2.xcdatamodel */,
				1FBD60A91B017B06008E0FEC /* SelfConferenceDataModel.xcdatamodel */,
			);
			currentVersion = 1F4FD4C41B0D2D2B008B4C8A /* SelfConferenceDataModel 2.xcdatamodel */;
			path = SelfConferenceDataModel.xcdatamodeld;
			sourceTree = "<group>";
			versionGroupType = wrapper.xcdatamodel;
		};
/* End XCVersionGroup section */
	};
	rootObject = 1F7392AA1A9985BD00F4B10F /* Project object */;
}
